// !$*UTF8*$!
{
	archiveVersion = 1;
	classes = {
	};
	objectVersion = 77;
	objects = {

/* Begin PBXBuildFile section */
		0C059035F91169B93D6CD57D /* PTYWebSocket.swift in Sources */ = {isa = PBXBuildFile; fileRef = 268EA66861AC192838B9296B /* PTYWebSocket.swift */; };
		1019D7A2A431DD7DB70A6E73 /* AgentSessionCard.swift in Sources */ = {isa = PBXBuildFile; fileRef = 7AEA3E5C50A1437BB3625A2D /* AgentSessionCard.swift */; };
		120B676FCDEB4F91AF6E890F /* Info.plist in Resources */ = {isa = PBXBuildFile; fileRef = EA9C144EBBAF45FA702E46DA /* Info.plist */; };
		1251B900241B487405380264 /* TerminalTab.swift in Sources */ = {isa = PBXBuildFile; fileRef = 46BFBF1307D23C81E7324C25 /* TerminalTab.swift */; };
		1AEBB89871F9103B455C2B2B /* MeshTab.swift in Sources */ = {isa = PBXBuildFile; fileRef = AD428462795A044D9DA11B76 /* MeshTab.swift */; };
		2147A19872EED93F78004530 /* PlansTab.swift in Sources */ = {isa = PBXBuildFile; fileRef = 0625805DF2E51B3EA381A354 /* PlansTab.swift */; };
		25A1E19156FA3F83BEF8F06F /* SidebarView.swift in Sources */ = {isa = PBXBuildFile; fileRef = 15CC4E4E5099437846F0DE2C /* SidebarView.swift */; };
		3895B20CA3381A67B1EF0E91 /* DaemonState.swift in Sources */ = {isa = PBXBuildFile; fileRef = E2304D4957686843D8C16DE2 /* DaemonState.swift */; };
		3985259D1CCA8FA0E4AF0FB1 /* HealthResponse.swift in Sources */ = {isa = PBXBuildFile; fileRef = 6D7B293231DA42981F54D0A6 /* HealthResponse.swift */; };
		3CEC17E5C4F5E5E2C2EE0669 /* MeshPeer.swift in Sources */ = {isa = PBXBuildFile; fileRef = A583D44653572018782BB918 /* MeshPeer.swift */; };
		49CE9672CCB5A5EEF3217255 /* BrainTab.swift in Sources */ = {isa = PBXBuildFile; fileRef = 0C7C02F1B7B706975D3E6A52 /* BrainTab.swift */; };
		541DC5C9D4C28E558A6F8744 /* NotificationManager.swift in Sources */ = {isa = PBXBuildFile; fileRef = 053038E9C25551908A01C201 /* NotificationManager.swift */; };
		5858B734063DEAE03B610597 /* ContentView.swift in Sources */ = {isa = PBXBuildFile; fileRef = B3E84D20481E58248983FC8A /* ContentView.swift */; };
		613FE721C9D09BBCEA42C9D3 /* DaemonClientTests.swift in Sources */ = {isa = PBXBuildFile; fileRef = 5EE8A7E68890CB6E8A6C85BB /* DaemonClientTests.swift */; };
		62418B022333E36E7B220719 /* ChatTab.swift in Sources */ = {isa = PBXBuildFile; fileRef = DFE9D95D126D7A23590100A9 /* ChatTab.swift */; };
		68D259F08138042F42D8BDC3 /* AgentCatalogView.swift in Sources */ = {isa = PBXBuildFile; fileRef = DF46957CD1B14193CC4F978F /* AgentCatalogView.swift */; };
		7122FAA1554D390EF8B25FB1 /* WebViewBridge.swift in Sources */ = {isa = PBXBuildFile; fileRef = 1E2DD6295F2D4480E082A86B /* WebViewBridge.swift */; };
		7B8656BDAE7FDFE317398224 /* MeshTopologyViewModel.swift in Sources */ = {isa = PBXBuildFile; fileRef = 360A64502F13433B052905B7 /* MeshTopologyViewModel.swift */; };
		7BB8AA36239BC955EFE6998C /* MeshActionService.swift in Sources */ = {isa = PBXBuildFile; fileRef = 878FAD85CFA7418A0D3747E4 /* MeshActionService.swift */; };
		7D58B50B340D4FBE8DD1303A /* KanbanCardView.swift in Sources */ = {isa = PBXBuildFile; fileRef = 6E33A37FC978FE28AA476635 /* KanbanCardView.swift */; };
		821901D0506AE77FEE731B5E /* AgentsTab.swift in Sources */ = {isa = PBXBuildFile; fileRef = 772C07FCD438A5EA4299D413 /* AgentsTab.swift */; };
		832D829C512E31A54919B9AE /* Wave.swift in Sources */ = {isa = PBXBuildFile; fileRef = AA23C1F5A0717526F979285E /* Wave.swift */; };
		883F3521B04C2609C7DE5612 /* DaemonConnection.swift in Sources */ = {isa = PBXBuildFile; fileRef = 5F8D2BE044ED8408BB937812 /* DaemonConnection.swift */; };
		91ED5B55826119AC2F27FCE5 /* CommandPalette.swift in Sources */ = {isa = PBXBuildFile; fileRef = 20C2A01AEC03108656275AE0 /* CommandPalette.swift */; };
		9A4C03CE1B9963CF9695B999 /* AgentCatalogViewModel.swift in Sources */ = {isa = PBXBuildFile; fileRef = F27CB2B18F4A5DF5BB106270 /* AgentCatalogViewModel.swift */; };
		9CB3FE1E940DA22694C318BE /* PlanViewModel.swift in Sources */ = {isa = PBXBuildFile; fileRef = 2A2C919932A7FEA3BBCA906C /* PlanViewModel.swift */; };
		9D154B720EF081D95CBA9723 /* Plan.swift in Sources */ = {isa = PBXBuildFile; fileRef = 854F83B4BE2DCBC5F8D4BD5E /* Plan.swift */; };
		9FFF08583B86E829B31A9594 /* PlanDetailView.swift in Sources */ = {isa = PBXBuildFile; fileRef = 6C38F65D7035C54D7C4241BF /* PlanDetailView.swift */; };
		A2C6400BDC15A817C5E894D2 /* DaemonAgent.swift in Sources */ = {isa = PBXBuildFile; fileRef = FF45CAF3D4AAB237C2A8BB4C /* DaemonAgent.swift */; };
		A74A938AB1C26E10527570D3 /* KanbanBoardView.swift in Sources */ = {isa = PBXBuildFile; fileRef = BCA7C3B5FEA0C446027E94D4 /* KanbanBoardView.swift */; };
		B2544F2242EBEA4964AF12F5 /* AliChatView.swift in Sources */ = {isa = PBXBuildFile; fileRef = 781C06B7363DA2D9AA19CB88 /* AliChatView.swift */; };
		B638B4A4142A9BFB3D2FBDB0 /* DaemonClient.swift in Sources */ = {isa = PBXBuildFile; fileRef = 20CC9BF29F560C801F39294F /* DaemonClient.swift */; };
		C2379A2B9D72822DD21CE08B /* App.swift in Sources */ = {isa = PBXBuildFile; fileRef = FB7381326BD2796F588177A5 /* App.swift */; };
		C59CEFE0E57FFF648029E584 /* MenuBarStatus.swift in Sources */ = {isa = PBXBuildFile; fileRef = EF80696ED2ED54313DE9F5E5 /* MenuBarStatus.swift */; };
		D16C30CFA8D8312BFE4A7685 /* EmbeddedTerminalView.swift in Sources */ = {isa = PBXBuildFile; fileRef = 56591AFF9C6F9C336A6D506D /* EmbeddedTerminalView.swift */; };
		DE5B8526C262EFEBFDD4C716 /* KanbanViewModel.swift in Sources */ = {isa = PBXBuildFile; fileRef = 035009011A0044648C56C25A /* KanbanViewModel.swift */; };
		E573648D8A29369FDADABE07 /* MeshPeerCard.swift in Sources */ = {isa = PBXBuildFile; fileRef = 1A86C89ACA7C96A1CBCE8646 /* MeshPeerCard.swift */; };
		EE25823A07DC6C6DE8C1A633 /* DaemonTask.swift in Sources */ = {isa = PBXBuildFile; fileRef = 029C5A57B0DF6102ADA7648E /* DaemonTask.swift */; };
		F034BF0A0EF19F458FC9DB90 /* MeshTopologyView.swift in Sources */ = {isa = PBXBuildFile; fileRef = A1FE091EB61A3F434455E513 /* MeshTopologyView.swift */; };
/* End PBXBuildFile section */

/* Begin PBXContainerItemProxy section */
		8EDD9F79EC24F23DF4C6A5D8 /* PBXContainerItemProxy */ = {
			isa = PBXContainerItemProxy;
			containerPortal = 1BE3065C87DA135A6A7C47C4 /* Project object */;
			proxyType = 1;
			remoteGlobalIDString = C50AC7D33291E1468F054FE8;
			remoteInfo = ConvergioMissionControl;
		};
/* End PBXContainerItemProxy section */

/* Begin PBXFileReference section */
		029C5A57B0DF6102ADA7648E /* DaemonTask.swift */ = {isa = PBXFileReference; lastKnownFileType = sourcecode.swift; path = DaemonTask.swift; sourceTree = "<group>"; };
		035009011A0044648C56C25A /* KanbanViewModel.swift */ = {isa = PBXFileReference; lastKnownFileType = sourcecode.swift; path = KanbanViewModel.swift; sourceTree = "<group>"; };
		053038E9C25551908A01C201 /* NotificationManager.swift */ = {isa = PBXFileReference; lastKnownFileType = sourcecode.swift; path = NotificationManager.swift; sourceTree = "<group>"; };
		0625805DF2E51B3EA381A354 /* PlansTab.swift */ = {isa = PBXFileReference; lastKnownFileType = sourcecode.swift; path = PlansTab.swift; sourceTree = "<group>"; };
		0C7C02F1B7B706975D3E6A52 /* BrainTab.swift */ = {isa = PBXFileReference; lastKnownFileType = sourcecode.swift; path = BrainTab.swift; sourceTree = "<group>"; };
		15CC4E4E5099437846F0DE2C /* SidebarView.swift */ = {isa = PBXFileReference; lastKnownFileType = sourcecode.swift; path = SidebarView.swift; sourceTree = "<group>"; };
		1A86C89ACA7C96A1CBCE8646 /* MeshPeerCard.swift */ = {isa = PBXFileReference; lastKnownFileType = sourcecode.swift; path = MeshPeerCard.swift; sourceTree = "<group>"; };
		1E2DD6295F2D4480E082A86B /* WebViewBridge.swift */ = {isa = PBXFileReference; lastKnownFileType = sourcecode.swift; path = WebViewBridge.swift; sourceTree = "<group>"; };
		20C2A01AEC03108656275AE0 /* CommandPalette.swift */ = {isa = PBXFileReference; lastKnownFileType = sourcecode.swift; path = CommandPalette.swift; sourceTree = "<group>"; };
		20CC9BF29F560C801F39294F /* DaemonClient.swift */ = {isa = PBXFileReference; lastKnownFileType = sourcecode.swift; path = DaemonClient.swift; sourceTree = "<group>"; };
		268EA66861AC192838B9296B /* PTYWebSocket.swift */ = {isa = PBXFileReference; lastKnownFileType = sourcecode.swift; path = PTYWebSocket.swift; sourceTree = "<group>"; };
		2A2C919932A7FEA3BBCA906C /* PlanViewModel.swift */ = {isa = PBXFileReference; lastKnownFileType = sourcecode.swift; path = PlanViewModel.swift; sourceTree = "<group>"; };
		360A64502F13433B052905B7 /* MeshTopologyViewModel.swift */ = {isa = PBXFileReference; lastKnownFileType = sourcecode.swift; path = MeshTopologyViewModel.swift; sourceTree = "<group>"; };
		46BFBF1307D23C81E7324C25 /* TerminalTab.swift */ = {isa = PBXFileReference; lastKnownFileType = sourcecode.swift; path = TerminalTab.swift; sourceTree = "<group>"; };
		56591AFF9C6F9C336A6D506D /* EmbeddedTerminalView.swift */ = {isa = PBXFileReference; lastKnownFileType = sourcecode.swift; path = EmbeddedTerminalView.swift; sourceTree = "<group>"; };
		5EE8A7E68890CB6E8A6C85BB /* DaemonClientTests.swift */ = {isa = PBXFileReference; lastKnownFileType = sourcecode.swift; path = DaemonClientTests.swift; sourceTree = "<group>"; };
		5F8D2BE044ED8408BB937812 /* DaemonConnection.swift */ = {isa = PBXFileReference; lastKnownFileType = sourcecode.swift; path = DaemonConnection.swift; sourceTree = "<group>"; };
		6A2684CE56083746A1925459 /* DaemonClientTests.xctest */ = {isa = PBXFileReference; explicitFileType = wrapper.cfbundle; includeInIndex = 0; path = DaemonClientTests.xctest; sourceTree = BUILT_PRODUCTS_DIR; };
		6C38F65D7035C54D7C4241BF /* PlanDetailView.swift */ = {isa = PBXFileReference; lastKnownFileType = sourcecode.swift; path = PlanDetailView.swift; sourceTree = "<group>"; };
		6D7B293231DA42981F54D0A6 /* HealthResponse.swift */ = {isa = PBXFileReference; lastKnownFileType = sourcecode.swift; path = HealthResponse.swift; sourceTree = "<group>"; };
		6E33A37FC978FE28AA476635 /* KanbanCardView.swift */ = {isa = PBXFileReference; lastKnownFileType = sourcecode.swift; path = KanbanCardView.swift; sourceTree = "<group>"; };
		71A7685798C12ABF27615FAD /* ConvergioMissionControl.app */ = {isa = PBXFileReference; explicitFileType = wrapper.application; includeInIndex = 0; path = ConvergioMissionControl.app; sourceTree = BUILT_PRODUCTS_DIR; };
		772C07FCD438A5EA4299D413 /* AgentsTab.swift */ = {isa = PBXFileReference; lastKnownFileType = sourcecode.swift; path = AgentsTab.swift; sourceTree = "<group>"; };
		781C06B7363DA2D9AA19CB88 /* AliChatView.swift */ = {isa = PBXFileReference; lastKnownFileType = sourcecode.swift; path = AliChatView.swift; sourceTree = "<group>"; };
		7AEA3E5C50A1437BB3625A2D /* AgentSessionCard.swift */ = {isa = PBXFileReference; lastKnownFileType = sourcecode.swift; path = AgentSessionCard.swift; sourceTree = "<group>"; };
		854F83B4BE2DCBC5F8D4BD5E /* Plan.swift */ = {isa = PBXFileReference; lastKnownFileType = sourcecode.swift; path = Plan.swift; sourceTree = "<group>"; };
		878FAD85CFA7418A0D3747E4 /* MeshActionService.swift */ = {isa = PBXFileReference; lastKnownFileType = sourcecode.swift; path = MeshActionService.swift; sourceTree = "<group>"; };
		A1FE091EB61A3F434455E513 /* MeshTopologyView.swift */ = {isa = PBXFileReference; lastKnownFileType = sourcecode.swift; path = MeshTopologyView.swift; sourceTree = "<group>"; };
		A583D44653572018782BB918 /* MeshPeer.swift */ = {isa = PBXFileReference; lastKnownFileType = sourcecode.swift; path = MeshPeer.swift; sourceTree = "<group>"; };
		AA23C1F5A0717526F979285E /* Wave.swift */ = {isa = PBXFileReference; lastKnownFileType = sourcecode.swift; path = Wave.swift; sourceTree = "<group>"; };
		AD428462795A044D9DA11B76 /* MeshTab.swift */ = {isa = PBXFileReference; lastKnownFileType = sourcecode.swift; path = MeshTab.swift; sourceTree = "<group>"; };
		B3E84D20481E58248983FC8A /* ContentView.swift */ = {isa = PBXFileReference; lastKnownFileType = sourcecode.swift; path = ContentView.swift; sourceTree = "<group>"; };
		BCA7C3B5FEA0C446027E94D4 /* KanbanBoardView.swift */ = {isa = PBXFileReference; lastKnownFileType = sourcecode.swift; path = KanbanBoardView.swift; sourceTree = "<group>"; };
		DF46957CD1B14193CC4F978F /* AgentCatalogView.swift */ = {isa = PBXFileReference; lastKnownFileType = sourcecode.swift; path = AgentCatalogView.swift; sourceTree = "<group>"; };
		DFE9D95D126D7A23590100A9 /* ChatTab.swift */ = {isa = PBXFileReference; lastKnownFileType = sourcecode.swift; path = ChatTab.swift; sourceTree = "<group>"; };
		E2304D4957686843D8C16DE2 /* DaemonState.swift */ = {isa = PBXFileReference; lastKnownFileType = sourcecode.swift; path = DaemonState.swift; sourceTree = "<group>"; };
		EA9C144EBBAF45FA702E46DA /* Info.plist */ = {isa = PBXFileReference; lastKnownFileType = text.plist; path = Info.plist; sourceTree = "<group>"; };
		EF80696ED2ED54313DE9F5E5 /* MenuBarStatus.swift */ = {isa = PBXFileReference; lastKnownFileType = sourcecode.swift; path = MenuBarStatus.swift; sourceTree = "<group>"; };
		F27CB2B18F4A5DF5BB106270 /* AgentCatalogViewModel.swift */ = {isa = PBXFileReference; lastKnownFileType = sourcecode.swift; path = AgentCatalogViewModel.swift; sourceTree = "<group>"; };
		FB7381326BD2796F588177A5 /* App.swift */ = {isa = PBXFileReference; lastKnownFileType = sourcecode.swift; path = App.swift; sourceTree = "<group>"; };
		FF45CAF3D4AAB237C2A8BB4C /* DaemonAgent.swift */ = {isa = PBXFileReference; lastKnownFileType = sourcecode.swift; path = DaemonAgent.swift; sourceTree = "<group>"; };
/* End PBXFileReference section */

/* Begin PBXGroup section */
		297A0A39666AA5368006FF51 /* Views */ = {
			isa = PBXGroup;
			children = (
				DF46957CD1B14193CC4F978F /* AgentCatalogView.swift */,
				7AEA3E5C50A1437BB3625A2D /* AgentSessionCard.swift */,
				772C07FCD438A5EA4299D413 /* AgentsTab.swift */,
				781C06B7363DA2D9AA19CB88 /* AliChatView.swift */,
				0C7C02F1B7B706975D3E6A52 /* BrainTab.swift */,
				DFE9D95D126D7A23590100A9 /* ChatTab.swift */,
				20C2A01AEC03108656275AE0 /* CommandPalette.swift */,
				56591AFF9C6F9C336A6D506D /* EmbeddedTerminalView.swift */,
				BCA7C3B5FEA0C446027E94D4 /* KanbanBoardView.swift */,
				6E33A37FC978FE28AA476635 /* KanbanCardView.swift */,
				1A86C89ACA7C96A1CBCE8646 /* MeshPeerCard.swift */,
				AD428462795A044D9DA11B76 /* MeshTab.swift */,
				A1FE091EB61A3F434455E513 /* MeshTopologyView.swift */,
				6C38F65D7035C54D7C4241BF /* PlanDetailView.swift */,
				0625805DF2E51B3EA381A354 /* PlansTab.swift */,
				15CC4E4E5099437846F0DE2C /* SidebarView.swift */,
				46BFBF1307D23C81E7324C25 /* TerminalTab.swift */,
				1E2DD6295F2D4480E082A86B /* WebViewBridge.swift */,
			);
			path = Views;
			sourceTree = "<group>";
		};
		3BDC1A1F39EBEFFE01BA6C92 /* Models */ = {
			isa = PBXGroup;
			children = (
				FF45CAF3D4AAB237C2A8BB4C /* DaemonAgent.swift */,
				E2304D4957686843D8C16DE2 /* DaemonState.swift */,
				029C5A57B0DF6102ADA7648E /* DaemonTask.swift */,
				6D7B293231DA42981F54D0A6 /* HealthResponse.swift */,
				A583D44653572018782BB918 /* MeshPeer.swift */,
				854F83B4BE2DCBC5F8D4BD5E /* Plan.swift */,
				AA23C1F5A0717526F979285E /* Wave.swift */,
			);
			path = Models;
			sourceTree = "<group>";
		};
		4502CF83902523F26D67F88C /* ViewModels */ = {
			isa = PBXGroup;
			children = (
				F27CB2B18F4A5DF5BB106270 /* AgentCatalogViewModel.swift */,
				035009011A0044648C56C25A /* KanbanViewModel.swift */,
				360A64502F13433B052905B7 /* MeshTopologyViewModel.swift */,
				2A2C919932A7FEA3BBCA906C /* PlanViewModel.swift */,
			);
			path = ViewModels;
			sourceTree = "<group>";
		};
		6DCAEBCC57BB00ACA1C55B89 /* ConvergioMissionControl */ = {
			isa = PBXGroup;
			children = (
				FB7381326BD2796F588177A5 /* App.swift */,
				B3E84D20481E58248983FC8A /* ContentView.swift */,
				EA9C144EBBAF45FA702E46DA /* Info.plist */,
				3BDC1A1F39EBEFFE01BA6C92 /* Models */,
				B704D78620B23DEEB457DC7A /* Services */,
				4502CF83902523F26D67F88C /* ViewModels */,
				297A0A39666AA5368006FF51 /* Views */,
			);
			path = ConvergioMissionControl;
			sourceTree = "<group>";
		};
		A88571EFE2D445BCC1D9CD48 = {
			isa = PBXGroup;
			children = (
				6DCAEBCC57BB00ACA1C55B89 /* ConvergioMissionControl */,
				D2E8AC313151700CD17EDFFA /* DaemonClientTests */,
				A9E03EF5F38C5C20CD5DEE82 /* Products */,
			);
			sourceTree = "<group>";
		};
		A9E03EF5F38C5C20CD5DEE82 /* Products */ = {
			isa = PBXGroup;
			children = (
				71A7685798C12ABF27615FAD /* ConvergioMissionControl.app */,
				6A2684CE56083746A1925459 /* DaemonClientTests.xctest */,
			);
			name = Products;
			sourceTree = "<group>";
		};
		B704D78620B23DEEB457DC7A /* Services */ = {
			isa = PBXGroup;
			children = (
				20CC9BF29F560C801F39294F /* DaemonClient.swift */,
				5F8D2BE044ED8408BB937812 /* DaemonConnection.swift */,
				EF80696ED2ED54313DE9F5E5 /* MenuBarStatus.swift */,
				878FAD85CFA7418A0D3747E4 /* MeshActionService.swift */,
				053038E9C25551908A01C201 /* NotificationManager.swift */,
				268EA66861AC192838B9296B /* PTYWebSocket.swift */,
			);
			path = Services;
			sourceTree = "<group>";
		};
		D2E8AC313151700CD17EDFFA /* DaemonClientTests */ = {
			isa = PBXGroup;
			children = (
				5EE8A7E68890CB6E8A6C85BB /* DaemonClientTests.swift */,
			);
			name = DaemonClientTests;
			path = Tests/DaemonClientTests;
			sourceTree = "<group>";
		};
/* End PBXGroup section */

/* Begin PBXNativeTarget section */
		C05F036ACCA5C26DB99ECA62 /* DaemonClientTests */ = {
			isa = PBXNativeTarget;
			buildConfigurationList = 5A563602BCB95296CC43A4E4 /* Build configuration list for PBXNativeTarget "DaemonClientTests" */;
			buildPhases = (
				00724A4D363806754372B38C /* Sources */,
			);
			buildRules = (
			);
			dependencies = (
				2503BE2ED53473D2FE183AA7 /* PBXTargetDependency */,
			);
			name = DaemonClientTests;
			packageProductDependencies = (
			);
			productName = DaemonClientTests;
			productReference = 6A2684CE56083746A1925459 /* DaemonClientTests.xctest */;
			productType = "com.apple.product-type.bundle.unit-test";
		};
		C50AC7D33291E1468F054FE8 /* ConvergioMissionControl */ = {
			isa = PBXNativeTarget;
			buildConfigurationList = 78B9E21612230C7893E0B303 /* Build configuration list for PBXNativeTarget "ConvergioMissionControl" */;
			buildPhases = (
				B45C034542060CD4F91F2FCE /* Sources */,
				3A2F64DCF17D5FA63B6A9B2B /* Resources */,
			);
			buildRules = (
			);
			dependencies = (
			);
			name = ConvergioMissionControl;
			packageProductDependencies = (
			);
			productName = ConvergioMissionControl;
			productReference = 71A7685798C12ABF27615FAD /* ConvergioMissionControl.app */;
			productType = "com.apple.product-type.application";
		};
/* End PBXNativeTarget section */

/* Begin PBXProject section */
		1BE3065C87DA135A6A7C47C4 /* Project object */ = {
			isa = PBXProject;
			attributes = {
				BuildIndependentTargetsInParallel = YES;
				LastUpgradeCheck = 1600;
				TargetAttributes = {
					C50AC7D33291E1468F054FE8 = {
						ProvisioningStyle = Automatic;
					};
				};
			};
			buildConfigurationList = 35E4DF0634C1C7042126B23A /* Build configuration list for PBXProject "ConvergioMissionControl" */;
			developmentRegion = en;
			hasScannedForEncodings = 0;
			knownRegions = (
				Base,
				en,
			);
			mainGroup = A88571EFE2D445BCC1D9CD48;
			minimizedProjectReferenceProxies = 1;
			preferredProjectObjectVersion = 77;
			productRefGroup = A9E03EF5F38C5C20CD5DEE82 /* Products */;
			projectDirPath = "";
			projectRoot = "";
			targets = (
				C50AC7D33291E1468F054FE8 /* ConvergioMissionControl */,
				C05F036ACCA5C26DB99ECA62 /* DaemonClientTests */,
			);
		};
/* End PBXProject section */

/* Begin PBXResourcesBuildPhase section */
		3A2F64DCF17D5FA63B6A9B2B /* Resources */ = {
			isa = PBXResourcesBuildPhase;
			buildActionMask = 2147483647;
			files = (
				120B676FCDEB4F91AF6E890F /* Info.plist in Resources */,
			);
			runOnlyForDeploymentPostprocessing = 0;
		};
/* End PBXResourcesBuildPhase section */

/* Begin PBXSourcesBuildPhase section */
		00724A4D363806754372B38C /* Sources */ = {
			isa = PBXSourcesBuildPhase;
			buildActionMask = 2147483647;
			files = (
				613FE721C9D09BBCEA42C9D3 /* DaemonClientTests.swift in Sources */,
			);
			runOnlyForDeploymentPostprocessing = 0;
		};
		B45C034542060CD4F91F2FCE /* Sources */ = {
			isa = PBXSourcesBuildPhase;
			buildActionMask = 2147483647;
			files = (
				68D259F08138042F42D8BDC3 /* AgentCatalogView.swift in Sources */,
				9A4C03CE1B9963CF9695B999 /* AgentCatalogViewModel.swift in Sources */,
				1019D7A2A431DD7DB70A6E73 /* AgentSessionCard.swift in Sources */,
				821901D0506AE77FEE731B5E /* AgentsTab.swift in Sources */,
				B2544F2242EBEA4964AF12F5 /* AliChatView.swift in Sources */,
				C2379A2B9D72822DD21CE08B /* App.swift in Sources */,
				49CE9672CCB5A5EEF3217255 /* BrainTab.swift in Sources */,
				62418B022333E36E7B220719 /* ChatTab.swift in Sources */,
				91ED5B55826119AC2F27FCE5 /* CommandPalette.swift in Sources */,
				5858B734063DEAE03B610597 /* ContentView.swift in Sources */,
				A2C6400BDC15A817C5E894D2 /* DaemonAgent.swift in Sources */,
				B638B4A4142A9BFB3D2FBDB0 /* DaemonClient.swift in Sources */,
				883F3521B04C2609C7DE5612 /* DaemonConnection.swift in Sources */,
				3895B20CA3381A67B1EF0E91 /* DaemonState.swift in Sources */,
				EE25823A07DC6C6DE8C1A633 /* DaemonTask.swift in Sources */,
				D16C30CFA8D8312BFE4A7685 /* EmbeddedTerminalView.swift in Sources */,
				3985259D1CCA8FA0E4AF0FB1 /* HealthResponse.swift in Sources */,
				A74A938AB1C26E10527570D3 /* KanbanBoardView.swift in Sources */,
				7D58B50B340D4FBE8DD1303A /* KanbanCardView.swift in Sources */,
				DE5B8526C262EFEBFDD4C716 /* KanbanViewModel.swift in Sources */,
				C59CEFE0E57FFF648029E584 /* MenuBarStatus.swift in Sources */,
				7BB8AA36239BC955EFE6998C /* MeshActionService.swift in Sources */,
				3CEC17E5C4F5E5E2C2EE0669 /* MeshPeer.swift in Sources */,
				E573648D8A29369FDADABE07 /* MeshPeerCard.swift in Sources */,
				1AEBB89871F9103B455C2B2B /* MeshTab.swift in Sources */,
				F034BF0A0EF19F458FC9DB90 /* MeshTopologyView.swift in Sources */,
				7B8656BDAE7FDFE317398224 /* MeshTopologyViewModel.swift in Sources */,
				541DC5C9D4C28E558A6F8744 /* NotificationManager.swift in Sources */,
				0C059035F91169B93D6CD57D /* PTYWebSocket.swift in Sources */,
				9D154B720EF081D95CBA9723 /* Plan.swift in Sources */,
				9FFF08583B86E829B31A9594 /* PlanDetailView.swift in Sources */,
				9CB3FE1E940DA22694C318BE /* PlanViewModel.swift in Sources */,
				2147A19872EED93F78004530 /* PlansTab.swift in Sources */,
				25A1E19156FA3F83BEF8F06F /* SidebarView.swift in Sources */,
				1251B900241B487405380264 /* TerminalTab.swift in Sources */,
				832D829C512E31A54919B9AE /* Wave.swift in Sources */,
				7122FAA1554D390EF8B25FB1 /* WebViewBridge.swift in Sources */,
			);
			runOnlyForDeploymentPostprocessing = 0;
		};
/* End PBXSourcesBuildPhase section */

/* Begin PBXTargetDependency section */
		2503BE2ED53473D2FE183AA7 /* PBXTargetDependency */ = {
			isa = PBXTargetDependency;
			target = C50AC7D33291E1468F054FE8 /* ConvergioMissionControl */;
			targetProxy = 8EDD9F79EC24F23DF4C6A5D8 /* PBXContainerItemProxy */;
		};
/* End PBXTargetDependency section */

/* Begin XCBuildConfiguration section */
		0A3AE7F89E989E248D21D30E /* Release */ = {
			isa = XCBuildConfiguration;
			buildSettings = {
				ALWAYS_SEARCH_USER_PATHS = NO;
				CLANG_ANALYZER_NONNULL = YES;
				CLANG_ANALYZER_NUMBER_OBJECT_CONVERSION = YES_AGGRESSIVE;
				CLANG_CXX_LANGUAGE_STANDARD = "gnu++14";
				CLANG_CXX_LIBRARY = "libc++";
				CLANG_ENABLE_MODULES = YES;
				CLANG_ENABLE_OBJC_ARC = YES;
				CLANG_ENABLE_OBJC_WEAK = YES;
				CLANG_WARN_BLOCK_CAPTURE_AUTORELEASING = YES;
				CLANG_WARN_BOOL_CONVERSION = YES;
				CLANG_WARN_COMMA = YES;
				CLANG_WARN_CONSTANT_CONVERSION = YES;
				CLANG_WARN_DEPRECATED_OBJC_IMPLEMENTATIONS = YES;
				CLANG_WARN_DIRECT_OBJC_ISA_USAGE = YES_ERROR;
				CLANG_WARN_DOCUMENTATION_COMMENTS = YES;
				CLANG_WARN_EMPTY_BODY = YES;
				CLANG_WARN_ENUM_CONVERSION = YES;
				CLANG_WARN_INFINITE_RECURSION = YES;
				CLANG_WARN_INT_CONVERSION = YES;
				CLANG_WARN_NON_LITERAL_NULL_CONVERSION = YES;
				CLANG_WARN_OBJC_IMPLICIT_RETAIN_SELF = YES;
				CLANG_WARN_OBJC_LITERAL_CONVERSION = YES;
				CLANG_WARN_OBJC_ROOT_CLASS = YES_ERROR;
				CLANG_WARN_QUOTED_INCLUDE_IN_FRAMEWORK_HEADER = YES;
				CLANG_WARN_RANGE_LOOP_ANALYSIS = YES;
				CLANG_WARN_STRICT_PROTOTYPES = YES;
				CLANG_WARN_SUSPICIOUS_MOVE = YES;
				CLANG_WARN_UNGUARDED_AVAILABILITY = YES_AGGRESSIVE;
				CLANG_WARN_UNREACHABLE_CODE = YES;
				CLANG_WARN__DUPLICATE_METHOD_MATCH = YES;
				COPY_PHASE_STRIP = NO;
				DEBUG_INFORMATION_FORMAT = "dwarf-with-dsym";
				ENABLE_NS_ASSERTIONS = NO;
				ENABLE_STRICT_OBJC_MSGSEND = YES;
				GCC_C_LANGUAGE_STANDARD = gnu11;
				GCC_NO_COMMON_BLOCKS = YES;
				GCC_WARN_64_TO_32_BIT_CONVERSION = YES;
				GCC_WARN_ABOUT_RETURN_TYPE = YES_ERROR;
				GCC_WARN_UNDECLARED_SELECTOR = YES;
				GCC_WARN_UNINITIALIZED_AUTOS = YES_AGGRESSIVE;
				GCC_WARN_UNUSED_FUNCTION = YES;
				GCC_WARN_UNUSED_VARIABLE = YES;
				MACOSX_DEPLOYMENT_TARGET = 14.0;
				MTL_ENABLE_DEBUG_INFO = NO;
				MTL_FAST_MATH = YES;
				PRODUCT_NAME = "$(TARGET_NAME)";
				SDKROOT = macosx;
				SWIFT_COMPILATION_MODE = wholemodule;
				SWIFT_OPTIMIZATION_LEVEL = "-O";
				SWIFT_VERSION = 5.9;
			};
			name = Release;
		};
		9FA07DF85D314ADAEA299D9D /* Release */ = {
			isa = XCBuildConfiguration;
			buildSettings = {
				ASSETCATALOG_COMPILER_APPICON_NAME = AppIcon;
				CODE_SIGN_STYLE = Automatic;
				COMBINE_HIDPI_IMAGES = YES;
				CURRENT_PROJECT_VERSION = 1;
				GENERATE_INFOPLIST_FILE = YES;
				INFOPLIST_FILE = Info.plist;
				INFOPLIST_KEY_CFBundleDisplayName = "Convergio Mission Control";
				INFOPLIST_KEY_LSMinimumSystemVersion = 14.0;
				INFOPLIST_KEY_LSUIElement = YES;
				LD_RUNPATH_SEARCH_PATHS = (
					"$(inherited)",
					"@executable_path/../Frameworks",
				);
				MARKETING_VERSION = 18.3.0;
				PRODUCT_BUNDLE_IDENTIFIER = com.convergio.missioncontrol;
				PRODUCT_NAME = ConvergioMissionControl;
				SDKROOT = macosx;
			};
			name = Release;
		};
		AE717355B27EC7D32698C6CE /* Release */ = {
			isa = XCBuildConfiguration;
			buildSettings = {
				BUNDLE_LOADER = "$(TEST_HOST)";
				COMBINE_HIDPI_IMAGES = YES;
				LD_RUNPATH_SEARCH_PATHS = (
					"$(inherited)",
					"@executable_path/../Frameworks",
					"@loader_path/../Frameworks",
				);
				PRODUCT_BUNDLE_IDENTIFIER = com.convergio.DaemonClientTests;
				SDKROOT = macosx;
				TEST_HOST = "$(BUILT_PRODUCTS_DIR)/ConvergioMissionControl.app/Contents/MacOS/ConvergioMissionControl";
			};
			name = Release;
		};
		C4292F8CFE7FE3B7748E6856 /* Debug */ = {
			isa = XCBuildConfiguration;
			buildSettings = {
				ASSETCATALOG_COMPILER_APPICON_NAME = AppIcon;
				CODE_SIGN_STYLE = Automatic;
				COMBINE_HIDPI_IMAGES = YES;
				CURRENT_PROJECT_VERSION = 1;
				GENERATE_INFOPLIST_FILE = YES;
				INFOPLIST_FILE = Info.plist;
				INFOPLIST_KEY_CFBundleDisplayName = "Convergio Mission Control";
				INFOPLIST_KEY_LSMinimumSystemVersion = 14.0;
				INFOPLIST_KEY_LSUIElement = YES;
				LD_RUNPATH_SEARCH_PATHS = (
					"$(inherited)",
					"@executable_path/../Frameworks",
				);
				MARKETING_VERSION = 18.3.0;
				PRODUCT_BUNDLE_IDENTIFIER = com.convergio.missioncontrol;
				PRODUCT_NAME = ConvergioMissionControl;
				SDKROOT = macosx;
			};
			name = Debug;
		};
		F389F6FC3B00211EF76C59D4 /* Debug */ = {
			isa = XCBuildConfiguration;
			buildSettings = {
				BUNDLE_LOADER = "$(TEST_HOST)";
				COMBINE_HIDPI_IMAGES = YES;
				LD_RUNPATH_SEARCH_PATHS = (
					"$(inherited)",
					"@executable_path/../Frameworks",
					"@loader_path/../Frameworks",
				);
				PRODUCT_BUNDLE_IDENTIFIER = com.convergio.DaemonClientTests;
				SDKROOT = macosx;
				TEST_HOST = "$(BUILT_PRODUCTS_DIR)/ConvergioMissionControl.app/Contents/MacOS/ConvergioMissionControl";
			};
			name = Debug;
		};
		F479CDD861989FC3B579C540 /* Debug */ = {
			isa = XCBuildConfiguration;
			buildSettings = {
				ALWAYS_SEARCH_USER_PATHS = NO;
				CLANG_ANALYZER_NONNULL = YES;
				CLANG_ANALYZER_NUMBER_OBJECT_CONVERSION = YES_AGGRESSIVE;
				CLANG_CXX_LANGUAGE_STANDARD = "gnu++14";
				CLANG_CXX_LIBRARY = "libc++";
				CLANG_ENABLE_MODULES = YES;
				CLANG_ENABLE_OBJC_ARC = YES;
				CLANG_ENABLE_OBJC_WEAK = YES;
				CLANG_WARN_BLOCK_CAPTURE_AUTORELEASING = YES;
				CLANG_WARN_BOOL_CONVERSION = YES;
				CLANG_WARN_COMMA = YES;
				CLANG_WARN_CONSTANT_CONVERSION = YES;
				CLANG_WARN_DEPRECATED_OBJC_IMPLEMENTATIONS = YES;
				CLANG_WARN_DIRECT_OBJC_ISA_USAGE = YES_ERROR;
				CLANG_WARN_DOCUMENTATION_COMMENTS = YES;
				CLANG_WARN_EMPTY_BODY = YES;
				CLANG_WARN_ENUM_CONVERSION = YES;
				CLANG_WARN_INFINITE_RECURSION = YES;
				CLANG_WARN_INT_CONVERSION = YES;
				CLANG_WARN_NON_LITERAL_NULL_CONVERSION = YES;
				CLANG_WARN_OBJC_IMPLICIT_RETAIN_SELF = YES;
				CLANG_WARN_OBJC_LITERAL_CONVERSION = YES;
				CLANG_WARN_OBJC_ROOT_CLASS = YES_ERROR;
				CLANG_WARN_QUOTED_INCLUDE_IN_FRAMEWORK_HEADER = YES;
				CLANG_WARN_RANGE_LOOP_ANALYSIS = YES;
				CLANG_WARN_STRICT_PROTOTYPES = YES;
				CLANG_WARN_SUSPICIOUS_MOVE = YES;
				CLANG_WARN_UNGUARDED_AVAILABILITY = YES_AGGRESSIVE;
				CLANG_WARN_UNREACHABLE_CODE = YES;
				CLANG_WARN__DUPLICATE_METHOD_MATCH = YES;
				COPY_PHASE_STRIP = NO;
				DEBUG_INFORMATION_FORMAT = dwarf;
				ENABLE_STRICT_OBJC_MSGSEND = YES;
				ENABLE_TESTABILITY = YES;
				GCC_C_LANGUAGE_STANDARD = gnu11;
				GCC_DYNAMIC_NO_PIC = NO;
				GCC_NO_COMMON_BLOCKS = YES;
				GCC_OPTIMIZATION_LEVEL = 0;
				GCC_PREPROCESSOR_DEFINITIONS = (
					"$(inherited)",
					"DEBUG=1",
				);
				GCC_WARN_64_TO_32_BIT_CONVERSION = YES;
				GCC_WARN_ABOUT_RETURN_TYPE = YES_ERROR;
				GCC_WARN_UNDECLARED_SELECTOR = YES;
				GCC_WARN_UNINITIALIZED_AUTOS = YES_AGGRESSIVE;
				GCC_WARN_UNUSED_FUNCTION = YES;
				GCC_WARN_UNUSED_VARIABLE = YES;
				MACOSX_DEPLOYMENT_TARGET = 14.0;
				MTL_ENABLE_DEBUG_INFO = INCLUDE_SOURCE;
				MTL_FAST_MATH = YES;
				ONLY_ACTIVE_ARCH = YES;
				PRODUCT_NAME = "$(TARGET_NAME)";
				SDKROOT = macosx;
				SWIFT_ACTIVE_COMPILATION_CONDITIONS = DEBUG;
				SWIFT_OPTIMIZATION_LEVEL = "-Onone";
				SWIFT_VERSION = 5.9;
			};
			name = Debug;
		};
/* End XCBuildConfiguration section */

/* Begin XCConfigurationList section */
		35E4DF0634C1C7042126B23A /* Build configuration list for PBXProject "ConvergioMissionControl" */ = {
			isa = XCConfigurationList;
			buildConfigurations = (
				F479CDD861989FC3B579C540 /* Debug */,
				0A3AE7F89E989E248D21D30E /* Release */,
			);
			defaultConfigurationIsVisible = 0;
			defaultConfigurationName = Debug;
		};
		5A563602BCB95296CC43A4E4 /* Build configuration list for PBXNativeTarget "DaemonClientTests" */ = {
			isa = XCConfigurationList;
			buildConfigurations = (
				F389F6FC3B00211EF76C59D4 /* Debug */,
				AE717355B27EC7D32698C6CE /* Release */,
			);
			defaultConfigurationIsVisible = 0;
			defaultConfigurationName = Debug;
		};
		78B9E21612230C7893E0B303 /* Build configuration list for PBXNativeTarget "ConvergioMissionControl" */ = {
			isa = XCConfigurationList;
			buildConfigurations = (
				C4292F8CFE7FE3B7748E6856 /* Debug */,
				9FA07DF85D314ADAEA299D9D /* Release */,
			);
			defaultConfigurationIsVisible = 0;
			defaultConfigurationName = Debug;
		};
/* End XCConfigurationList section */
	};
	rootObject = 1BE3065C87DA135A6A7C47C4 /* Project object */;
}
