// !$*UTF8*$!
{
	archiveVersion = 1;
	classes = {
	};
	objectVersion = 46;
	objects = {

/* Begin PBXBuildFile section */
		01244006875368092E9BBECD /* RunHistoryView.swift in Sources */ = {isa = PBXBuildFile; fileRef = 7326FAACF1A1B6D2E4B3F260 /* RunHistoryView.swift */; };
		023AB3E97A0A895129B93810 /* MeshTopologyGraph.swift in Sources */ = {isa = PBXBuildFile; fileRef = CD0ACC02C3130145BF59A4DF /* MeshTopologyGraph.swift */; };
		0643FBF032C3AAC2B81E53A9 /* BrainGraphTypes.swift in Sources */ = {isa = PBXBuildFile; fileRef = 55B0552903FCF85357A36DA6 /* BrainGraphTypes.swift */; };
		097E9611EBC7ED8F8F253EBE /* DaemonClient+Mesh.swift in Sources */ = {isa = PBXBuildFile; fileRef = B8BBFE81BD3A1AB07D6BFD00 /* DaemonClient+Mesh.swift */; };
		0DAE9197A0984996D663D575 /* CostModels.swift in Sources */ = {isa = PBXBuildFile; fileRef = E4BFBAAA4854B953478FFA55 /* CostModels.swift */; };
		0F1C84DEB87C413B97124126 /* MeshModels.swift in Sources */ = {isa = PBXBuildFile; fileRef = 57FA3110CF2005DAB84C3248 /* MeshModels.swift */; };
		151B01056A84754596627498 /* PlanModels.swift in Sources */ = {isa = PBXBuildFile; fileRef = 36C2E3C418F97E00F20FA4FA /* PlanModels.swift */; };
		163FBE7CDB7F6F9F5DD3AEB6 /* Typography.swift in Sources */ = {isa = PBXBuildFile; fileRef = B04429465A157E4C624EDB62 /* Typography.swift */; };
		211254E23DFAF3AE99C9A304 /* Cocoa.framework in Frameworks */ = {isa = PBXBuildFile; fileRef = 400C2138D5C57FD3EE1B5214 /* Cocoa.framework */; };
		225FB157DB4DD1BB999AE7A9 /* NotificationManager.swift in Sources */ = {isa = PBXBuildFile; fileRef = C5CCBA1E93D70D23CC95FF40 /* NotificationManager.swift */; };
		22E317D87BA56D0BFAF2D091 /* JSONValue.swift in Sources */ = {isa = PBXBuildFile; fileRef = 0C1A482C478FED749DE0615E /* JSONValue.swift */; };
		28C37759157969295A11EA63 /* DaemonClient.swift in Sources */ = {isa = PBXBuildFile; fileRef = 761719EEC4EFE037AF55FD06 /* DaemonClient.swift */; };
		2BE4A236455D7397292D905F /* Theme.swift in Sources */ = {isa = PBXBuildFile; fileRef = 22BCAF9FD28482804353D7FE /* Theme.swift */; };
		2CC85103B8CD74CAEAF2F8D3 /* T502MenuBarTests.swift in Sources */ = {isa = PBXBuildFile; fileRef = 4D94553DF2B83BE345D35248 /* T502MenuBarTests.swift */; };
		381FD20B16115BBBA54A0603 /* ExperimentView.swift in Sources */ = {isa = PBXBuildFile; fileRef = D6D0F5D6EA52B001E7F5FB72 /* ExperimentView.swift */; };
		3BDD958C35028EF464D46704 /* MeshNodeDetail.swift in Sources */ = {isa = PBXBuildFile; fileRef = 2FC8F1E3C336DA263134C23D /* MeshNodeDetail.swift */; };
		3CE73516E0750C07585CBEC4 /* CostDashboardModel.swift in Sources */ = {isa = PBXBuildFile; fileRef = AFDE743C7C593E5AB16ADB41 /* CostDashboardModel.swift */; };
		419A800B97BB0B05C9ED9C92 /* TerminalSession.swift in Sources */ = {isa = PBXBuildFile; fileRef = 327058058EC5B934FCAE28C3 /* TerminalSession.swift */; };
		450FB640310858C514DF607F /* SidebarItem.swift in Sources */ = {isa = PBXBuildFile; fileRef = 78FA4A8E522359F369A8CB82 /* SidebarItem.swift */; };
		45DAB96919AA13437B763BEA /* MeshTopologyModel.swift in Sources */ = {isa = PBXBuildFile; fileRef = 556371FE5FCBD3A2FC16976D /* MeshTopologyModel.swift */; };
		4B6D07471ED0487739A48AE5 /* KeychainTokenStore.swift in Sources */ = {isa = PBXBuildFile; fileRef = 202744391EC3DB94F38F0381 /* KeychainTokenStore.swift */; };
		4C8A772214F8A7FE4609606B /* MeshTopologyView.swift in Sources */ = {isa = PBXBuildFile; fileRef = 27205854DB71C06D48EA5079 /* MeshTopologyView.swift */; };
		506A0A09F7063675F65B84F6 /* PlanDashboardModel.swift in Sources */ = {isa = PBXBuildFile; fileRef = 3F927B47099DA1B26D04E4E3 /* PlanDashboardModel.swift */; };
		558EC1BB821E9C067D7149EC /* DaemonClient+Evolution.swift in Sources */ = {isa = PBXBuildFile; fileRef = 61C073A6C00D2480225D8E90 /* DaemonClient+Evolution.swift */; };
		5A0D88516498121FCC9305D8 /* AgentCatalogModels.swift in Sources */ = {isa = PBXBuildFile; fileRef = DF881B65F074DEED89454DEE /* AgentCatalogModels.swift */; };
		60A1BA25AFED3EFA64009080 /* OnboardingModel.swift in Sources */ = {isa = PBXBuildFile; fileRef = 48F74F8618F1840E177F67A3 /* OnboardingModel.swift */; };
		619447F8FC4A7065286DF392 /* EvolutionDashboardModel.swift in Sources */ = {isa = PBXBuildFile; fileRef = 5660FCB1CD2758EF006DF4F9 /* EvolutionDashboardModel.swift */; };
		6565F976EF6DBF2E1716154F /* ModelCostBreakdown.swift in Sources */ = {isa = PBXBuildFile; fileRef = 5D773666CC2E39A1A3EE057B /* ModelCostBreakdown.swift */; };
		6999A4FC774324D1CBAB5B50 /* ConvergioTokens.swift in Sources */ = {isa = PBXBuildFile; fileRef = 1A0040CC47BD97664D29A1BB /* ConvergioTokens.swift */; };
		6BC0D4381CE55430E47A6D38 /* MetalBackdropView.swift in Sources */ = {isa = PBXBuildFile; fileRef = 46B128B4AA3E440E504FADAC /* MetalBackdropView.swift */; };
		70A35BCD72B01C4D9140AC35 /* StatusBadge.swift in Sources */ = {isa = PBXBuildFile; fileRef = 05A9C458B304FBEC6F8777C2 /* StatusBadge.swift */; };
		70F46CC6085A92E9589F5822 /* SessionMonitor.swift in Sources */ = {isa = PBXBuildFile; fileRef = 8EEC1787457C7E0998A8FDAC /* SessionMonitor.swift */; };
		7289E8D9F26C3FE9AE52C79B /* RunDetailView.swift in Sources */ = {isa = PBXBuildFile; fileRef = 7DFA385AD003B76F97CF4EA6 /* RunDetailView.swift */; };
		7508049114232E50C97A972C /* ComponentTests.swift in Sources */ = {isa = PBXBuildFile; fileRef = 90D74170D09880F1CA1C4CD4 /* ComponentTests.swift */; };
		766D0BA7514F34FDAE9536FA /* ConvergioCard.swift in Sources */ = {isa = PBXBuildFile; fileRef = 99075C8D7FCEF300CBF93EB0 /* ConvergioCard.swift */; };
		7AC8C0F1D71434786EA9940F /* AgentCardView.swift in Sources */ = {isa = PBXBuildFile; fileRef = 345735510F268A40FF948F7D /* AgentCardView.swift */; };
		7BFA74B6464952A67250634C /* TaskDetailView.swift in Sources */ = {isa = PBXBuildFile; fileRef = 5D9421A228DE045BF24DE107 /* TaskDetailView.swift */; };
		7DCC5297B09ADFA8816BFCA2 /* ThemeTokenTests.swift in Sources */ = {isa = PBXBuildFile; fileRef = 3758CB5D23A85303A79D74D4 /* ThemeTokenTests.swift */; };
		7DF1DFC4BA5A1BF904B8E1E0 /* SectionHeader.swift in Sources */ = {isa = PBXBuildFile; fileRef = 33187216D0F62CE8C50FCA55 /* SectionHeader.swift */; };
		7E2FA34E99DF9A0AAFE971E2 /* MeshNodeHeader.swift in Sources */ = {isa = PBXBuildFile; fileRef = F2591A41125B0A4379F98966 /* MeshNodeHeader.swift */; };
		80EFC0C47C1548ED9F69EDB3 /* NotificationPreferencesView.swift in Sources */ = {isa = PBXBuildFile; fileRef = 3A3814E9E0FDB68BB1CB7331 /* NotificationPreferencesView.swift */; };
		8471FED390E69190F618A50B /* NotificationTypes.swift in Sources */ = {isa = PBXBuildFile; fileRef = 996C590B63CDAE2D8537BBED /* NotificationTypes.swift */; };
		8494BF8DF0B25A380C124C73 /* TerminalTabPill.swift in Sources */ = {isa = PBXBuildFile; fileRef = 1ED54A628C8A710BDDCE9C8B /* TerminalTabPill.swift */; };
		8888D69A889C9DCD06A22DF0 /* APIModels.swift in Sources */ = {isa = PBXBuildFile; fileRef = 916978EDD79DC5F80CA76245 /* APIModels.swift */; };
		90DA772F41967E98FF6C3988 /* OnboardingView.swift in Sources */ = {isa = PBXBuildFile; fileRef = 7747332CCDAA3140046CB353 /* OnboardingView.swift */; };
		91A88522E05381806B4E18FA /* AgentDetailView.swift in Sources */ = {isa = PBXBuildFile; fileRef = 25B40C3EFD2D7EC15EEEFFC6 /* AgentDetailView.swift */; };
		924AF5148DE4578154B522C5 /* MenuBarView.swift in Sources */ = {isa = PBXBuildFile; fileRef = B63D5A46A67F045FE4B7AD96 /* MenuBarView.swift */; };
		9438CE74CE2FC11D20602AB5 /* EvolutionDashboardView.swift in Sources */ = {isa = PBXBuildFile; fileRef = 7AF0E602DECF6AFDF41AAA8B /* EvolutionDashboardView.swift */; };
		9871D35983B65B069717EF14 /* ThemeManagerTests.swift in Sources */ = {isa = PBXBuildFile; fileRef = 6B4B4BF56A4842AFCBBF3C50 /* ThemeManagerTests.swift */; };
		9BEAE9025EB59E6AFBE2847A /* Codecs.swift in Sources */ = {isa = PBXBuildFile; fileRef = 9DBF02391673D71F4A4DD4C3 /* Codecs.swift */; };
		9FCB1C0BBC3D3E1CF6621038 /* AuditTrailView.swift in Sources */ = {isa = PBXBuildFile; fileRef = 2F59B14150C03DDC967DEEAA /* AuditTrailView.swift */; };
		A1006D8E9D3C41317669EDB9 /* PlanDetailView.swift in Sources */ = {isa = PBXBuildFile; fileRef = 891B93396C32D18A3C3A0D28 /* PlanDetailView.swift */; };
		A45052B46A2AE537CCC8F3BA /* PlanDashboard.swift in Sources */ = {isa = PBXBuildFile; fileRef = DFE153806D373D1E85003398 /* PlanDashboard.swift */; };
		A9089644285A2FFCAC351AF5 /* AgentCatalogModel.swift in Sources */ = {isa = PBXBuildFile; fileRef = E66FA979AB1AF5DF2516F090 /* AgentCatalogModel.swift */; };
		AFDA433FF393B6C50A7CC77F /* BrainNodeGlyph.swift in Sources */ = {isa = PBXBuildFile; fileRef = B227DDEB6D616668AD673DB7 /* BrainNodeGlyph.swift */; };
		B0DCDDA7290E0012B680723A /* EvolutionModels.swift in Sources */ = {isa = PBXBuildFile; fileRef = 8980B75D104FB6FD5796550D /* EvolutionModels.swift */; };
		B0FEE6FBF6280B9DE8DB75FB /* SectionPlaceholderView.swift in Sources */ = {isa = PBXBuildFile; fileRef = F94D9D756E7AF0DF924B8DF0 /* SectionPlaceholderView.swift */; };
		B1E088CC899E72103D7890F2 /* ContentView.swift in Sources */ = {isa = PBXBuildFile; fileRef = DE8B7D35DAE999633690300C /* ContentView.swift */; };
		B30DF14B2FD9D4EF2BF8A8DD /* TmuxSessionPicker.swift in Sources */ = {isa = PBXBuildFile; fileRef = 301D0FB716C1CAAE8DA23980 /* TmuxSessionPicker.swift */; };
		B365054B097778931AFDE3E4 /* ConvergioTokens+Roles.swift in Sources */ = {isa = PBXBuildFile; fileRef = 48B18B617A055571DB736816 /* ConvergioTokens+Roles.swift */; };
		B3693289B4AD0E8F3CCD2A90 /* CommandCenterAppModel.swift in Sources */ = {isa = PBXBuildFile; fileRef = 463ED795B13935E91953919F /* CommandCenterAppModel.swift */; };
		B987B95732FFBE5B31A0A980 /* WebSocketManager.swift in Sources */ = {isa = PBXBuildFile; fileRef = 77822352955A9CCAA7AA70DF /* WebSocketManager.swift */; };
		BD988F9BB8355FA3431C2F60 /* PremiumModelBadge.swift in Sources */ = {isa = PBXBuildFile; fileRef = 3C163CD7A75AFAFF5E1EB7FE /* PremiumModelBadge.swift */; };
		BEF67B6E10569544C4579DD7 /* BrainVisualizationModel.swift in Sources */ = {isa = PBXBuildFile; fileRef = C540C7167BC707753BD1FB9C /* BrainVisualizationModel.swift */; };
		C09B8A45A65C32384D8B9602 /* TerminalOutputView.swift in Sources */ = {isa = PBXBuildFile; fileRef = 2E91BEA8DE2A6CF63DA1CD9B /* TerminalOutputView.swift */; };
		C3F7A5DFAC531EDD37D6EBED /* ROIChartView.swift in Sources */ = {isa = PBXBuildFile; fileRef = 5CBFD6CB5D0C7B8671DA75BE /* ROIChartView.swift */; };
		C3FAA649E9FC53CAEAF81646 /* DaemonClient+Agents.swift in Sources */ = {isa = PBXBuildFile; fileRef = 3053F804CF73255BCF72A77C /* DaemonClient+Agents.swift */; };
		C848383D1D4E190574554934 /* DaemonClient+Costs.swift in Sources */ = {isa = PBXBuildFile; fileRef = 7D272949BC639B4370E51538 /* DaemonClient+Costs.swift */; };
		C908A8138CBCBCF21755A350 /* OnboardingComponents.swift in Sources */ = {isa = PBXBuildFile; fileRef = 38C38C85609C80D2C9283953 /* OnboardingComponents.swift */; };
		CB6D237F7B1BA9CC6F57E07B /* CommandCenterSmokeTests.swift in Sources */ = {isa = PBXBuildFile; fileRef = 59849B204B3BA2E1A6970E37 /* CommandCenterSmokeTests.swift */; };
		CC5FED45AE857BA92F04D962 /* SSEParser.swift in Sources */ = {isa = PBXBuildFile; fileRef = 5A1DA5FB633A9AC9B4DBE724 /* SSEParser.swift */; };
		CE08F5F179AC0D11539186BD /* AccentButton.swift in Sources */ = {isa = PBXBuildFile; fileRef = A2A11B2EA335A2A32593312B /* AccentButton.swift */; };
		D16434C102B5EEDA95756723 /* GhosttyTerminal.swift in Sources */ = {isa = PBXBuildFile; fileRef = 132E86416B3104AA027456F3 /* GhosttyTerminal.swift */; };
		D2EC903269391A008A4CF931 /* AgentTriageView.swift in Sources */ = {isa = PBXBuildFile; fileRef = 3D1B373CE0607006D7C008C3 /* AgentTriageView.swift */; };
		D329C47C32D500C4F1A9ECB8 /* Cocoa.framework in Frameworks */ = {isa = PBXBuildFile; fileRef = 400C2138D5C57FD3EE1B5214 /* Cocoa.framework */; };
		DDEDD758A9501185059D3CEA /* XCTest.framework in Frameworks */ = {isa = PBXBuildFile; fileRef = 301B76AC92DF8B8814798CF7 /* XCTest.framework */; };
		E0A5F52E576A7FD2B50B4984 /* BrainGraphFactory.swift in Sources */ = {isa = PBXBuildFile; fileRef = 4610AB868AEB2B4E5B30E594 /* BrainGraphFactory.swift */; };
		E52C748907FF55BD51534474 /* BrainShaderSource.swift in Sources */ = {isa = PBXBuildFile; fileRef = CEE2D2197D27F43C259F6B01 /* BrainShaderSource.swift */; };
		E5C2343E0DB5D3603F66B9E8 /* BrainVisualizationView.swift in Sources */ = {isa = PBXBuildFile; fileRef = C7CD95E30D6AA5D3A949FD65 /* BrainVisualizationView.swift */; };
		E83897B7D331C9B9C64A3360 /* CostDashboardView.swift in Sources */ = {isa = PBXBuildFile; fileRef = 1A614DF125BF896BF2659AF4 /* CostDashboardView.swift */; };
		F03D7DD84E0BFA84CD598053 /* CommandCenterApp.swift in Sources */ = {isa = PBXBuildFile; fileRef = 9CF35409805B4B66E749DF62 /* CommandCenterApp.swift */; };
		F128B58682461F2CC99E0547 /* Assets.xcassets in Resources */ = {isa = PBXBuildFile; fileRef = ADC809F42616B21B7E659704 /* Assets.xcassets */; };
		F213221FF22FB6BFD4CE3B00 /* AgentCatalogView.swift in Sources */ = {isa = PBXBuildFile; fileRef = BA6430DF4814BE61AC914C6D /* AgentCatalogView.swift */; };
		F48F641C62832B5456DED5C6 /* ThemeManager.swift in Sources */ = {isa = PBXBuildFile; fileRef = 6BD8EDB359D728A076AADE08 /* ThemeManager.swift */; };
		F80968AA75FE1F5C76F96D88 /* DaemonClient+Plans.swift in Sources */ = {isa = PBXBuildFile; fileRef = CE2F0CCF48E02AFEB56F4831 /* DaemonClient+Plans.swift */; };
		FB043739B6AF783B37E47B61 /* GhosttyTerminalModel.swift in Sources */ = {isa = PBXBuildFile; fileRef = FA5047DACCB5107E3EBEA4F6 /* GhosttyTerminalModel.swift */; };
		FCFF77075123E96EEB7EA003 /* ProposalDetailView.swift in Sources */ = {isa = PBXBuildFile; fileRef = 59BBD524139041576F252DBC /* ProposalDetailView.swift */; };
/* End PBXBuildFile section */

/* Begin PBXFileReference section */
		05A9C458B304FBEC6F8777C2 /* StatusBadge.swift */ = {isa = PBXFileReference; includeInIndex = 1; lastKnownFileType = sourcecode.swift; path = StatusBadge.swift; sourceTree = "<group>"; };
		063D4F6BD8A798307CE25A39 /* CommandCenterTests.xctest */ = {isa = PBXFileReference; explicitFileType = wrapper.cfbundle; includeInIndex = 0; path = CommandCenterTests.xctest; sourceTree = BUILT_PRODUCTS_DIR; };
		0C1A482C478FED749DE0615E /* JSONValue.swift */ = {isa = PBXFileReference; includeInIndex = 1; lastKnownFileType = sourcecode.swift; path = JSONValue.swift; sourceTree = "<group>"; };
		132E86416B3104AA027456F3 /* GhosttyTerminal.swift */ = {isa = PBXFileReference; includeInIndex = 1; lastKnownFileType = sourcecode.swift; path = GhosttyTerminal.swift; sourceTree = "<group>"; };
		1A0040CC47BD97664D29A1BB /* ConvergioTokens.swift */ = {isa = PBXFileReference; includeInIndex = 1; lastKnownFileType = sourcecode.swift; path = ConvergioTokens.swift; sourceTree = "<group>"; };
		1A614DF125BF896BF2659AF4 /* CostDashboardView.swift */ = {isa = PBXFileReference; includeInIndex = 1; lastKnownFileType = sourcecode.swift; path = CostDashboardView.swift; sourceTree = "<group>"; };
		1ED54A628C8A710BDDCE9C8B /* TerminalTabPill.swift */ = {isa = PBXFileReference; includeInIndex = 1; lastKnownFileType = sourcecode.swift; path = TerminalTabPill.swift; sourceTree = "<group>"; };
		202744391EC3DB94F38F0381 /* KeychainTokenStore.swift */ = {isa = PBXFileReference; includeInIndex = 1; lastKnownFileType = sourcecode.swift; path = KeychainTokenStore.swift; sourceTree = "<group>"; };
		22BCAF9FD28482804353D7FE /* Theme.swift */ = {isa = PBXFileReference; includeInIndex = 1; lastKnownFileType = sourcecode.swift; path = Theme.swift; sourceTree = "<group>"; };
		25B40C3EFD2D7EC15EEEFFC6 /* AgentDetailView.swift */ = {isa = PBXFileReference; includeInIndex = 1; lastKnownFileType = sourcecode.swift; path = AgentDetailView.swift; sourceTree = "<group>"; };
		27205854DB71C06D48EA5079 /* MeshTopologyView.swift */ = {isa = PBXFileReference; includeInIndex = 1; lastKnownFileType = sourcecode.swift; path = MeshTopologyView.swift; sourceTree = "<group>"; };
		2E91BEA8DE2A6CF63DA1CD9B /* TerminalOutputView.swift */ = {isa = PBXFileReference; includeInIndex = 1; lastKnownFileType = sourcecode.swift; path = TerminalOutputView.swift; sourceTree = "<group>"; };
		2F59B14150C03DDC967DEEAA /* AuditTrailView.swift */ = {isa = PBXFileReference; includeInIndex = 1; lastKnownFileType = sourcecode.swift; path = AuditTrailView.swift; sourceTree = "<group>"; };
		2FC8F1E3C336DA263134C23D /* MeshNodeDetail.swift */ = {isa = PBXFileReference; includeInIndex = 1; lastKnownFileType = sourcecode.swift; path = MeshNodeDetail.swift; sourceTree = "<group>"; };
		301B76AC92DF8B8814798CF7 /* XCTest.framework */ = {isa = PBXFileReference; lastKnownFileType = wrapper.framework; name = XCTest.framework; path = Platforms/MacOSX.platform/Developer/SDKs/MacOSX15.0.sdk/System/Library/Frameworks/XCTest.framework; sourceTree = DEVELOPER_DIR; };
		301D0FB716C1CAAE8DA23980 /* TmuxSessionPicker.swift */ = {isa = PBXFileReference; includeInIndex = 1; lastKnownFileType = sourcecode.swift; path = TmuxSessionPicker.swift; sourceTree = "<group>"; };
		3053F804CF73255BCF72A77C /* DaemonClient+Agents.swift */ = {isa = PBXFileReference; includeInIndex = 1; lastKnownFileType = sourcecode.swift; path = "DaemonClient+Agents.swift"; sourceTree = "<group>"; };
		327058058EC5B934FCAE28C3 /* TerminalSession.swift */ = {isa = PBXFileReference; includeInIndex = 1; lastKnownFileType = sourcecode.swift; path = TerminalSession.swift; sourceTree = "<group>"; };
		33187216D0F62CE8C50FCA55 /* SectionHeader.swift */ = {isa = PBXFileReference; includeInIndex = 1; lastKnownFileType = sourcecode.swift; path = SectionHeader.swift; sourceTree = "<group>"; };
		345735510F268A40FF948F7D /* AgentCardView.swift */ = {isa = PBXFileReference; includeInIndex = 1; lastKnownFileType = sourcecode.swift; path = AgentCardView.swift; sourceTree = "<group>"; };
		36C2E3C418F97E00F20FA4FA /* PlanModels.swift */ = {isa = PBXFileReference; includeInIndex = 1; lastKnownFileType = sourcecode.swift; path = PlanModels.swift; sourceTree = "<group>"; };
		3758CB5D23A85303A79D74D4 /* ThemeTokenTests.swift */ = {isa = PBXFileReference; includeInIndex = 1; lastKnownFileType = sourcecode.swift; path = ThemeTokenTests.swift; sourceTree = "<group>"; };
		38C38C85609C80D2C9283953 /* OnboardingComponents.swift */ = {isa = PBXFileReference; includeInIndex = 1; lastKnownFileType = sourcecode.swift; path = OnboardingComponents.swift; sourceTree = "<group>"; };
		3A3814E9E0FDB68BB1CB7331 /* NotificationPreferencesView.swift */ = {isa = PBXFileReference; includeInIndex = 1; lastKnownFileType = sourcecode.swift; path = NotificationPreferencesView.swift; sourceTree = "<group>"; };
		3C163CD7A75AFAFF5E1EB7FE /* PremiumModelBadge.swift */ = {isa = PBXFileReference; includeInIndex = 1; lastKnownFileType = sourcecode.swift; path = PremiumModelBadge.swift; sourceTree = "<group>"; };
		3D1B373CE0607006D7C008C3 /* AgentTriageView.swift */ = {isa = PBXFileReference; includeInIndex = 1; lastKnownFileType = sourcecode.swift; path = AgentTriageView.swift; sourceTree = "<group>"; };
		3F927B47099DA1B26D04E4E3 /* PlanDashboardModel.swift */ = {isa = PBXFileReference; includeInIndex = 1; lastKnownFileType = sourcecode.swift; path = PlanDashboardModel.swift; sourceTree = "<group>"; };
		400C2138D5C57FD3EE1B5214 /* Cocoa.framework */ = {isa = PBXFileReference; lastKnownFileType = wrapper.framework; name = Cocoa.framework; path = Platforms/MacOSX.platform/Developer/SDKs/MacOSX15.0.sdk/System/Library/Frameworks/Cocoa.framework; sourceTree = DEVELOPER_DIR; };
		4610AB868AEB2B4E5B30E594 /* BrainGraphFactory.swift */ = {isa = PBXFileReference; includeInIndex = 1; lastKnownFileType = sourcecode.swift; path = BrainGraphFactory.swift; sourceTree = "<group>"; };
		463ED795B13935E91953919F /* CommandCenterAppModel.swift */ = {isa = PBXFileReference; includeInIndex = 1; lastKnownFileType = sourcecode.swift; path = CommandCenterAppModel.swift; sourceTree = "<group>"; };
		46B128B4AA3E440E504FADAC /* MetalBackdropView.swift */ = {isa = PBXFileReference; includeInIndex = 1; lastKnownFileType = sourcecode.swift; path = MetalBackdropView.swift; sourceTree = "<group>"; };
		48B18B617A055571DB736816 /* ConvergioTokens+Roles.swift */ = {isa = PBXFileReference; includeInIndex = 1; lastKnownFileType = sourcecode.swift; path = "ConvergioTokens+Roles.swift"; sourceTree = "<group>"; };
		48F74F8618F1840E177F67A3 /* OnboardingModel.swift */ = {isa = PBXFileReference; includeInIndex = 1; lastKnownFileType = sourcecode.swift; path = OnboardingModel.swift; sourceTree = "<group>"; };
		4D94553DF2B83BE345D35248 /* T502MenuBarTests.swift */ = {isa = PBXFileReference; includeInIndex = 1; lastKnownFileType = sourcecode.swift; path = T502MenuBarTests.swift; sourceTree = "<group>"; };
		556371FE5FCBD3A2FC16976D /* MeshTopologyModel.swift */ = {isa = PBXFileReference; includeInIndex = 1; lastKnownFileType = sourcecode.swift; path = MeshTopologyModel.swift; sourceTree = "<group>"; };
		55B0552903FCF85357A36DA6 /* BrainGraphTypes.swift */ = {isa = PBXFileReference; includeInIndex = 1; lastKnownFileType = sourcecode.swift; path = BrainGraphTypes.swift; sourceTree = "<group>"; };
		5660FCB1CD2758EF006DF4F9 /* EvolutionDashboardModel.swift */ = {isa = PBXFileReference; includeInIndex = 1; lastKnownFileType = sourcecode.swift; path = EvolutionDashboardModel.swift; sourceTree = "<group>"; };
		57FA3110CF2005DAB84C3248 /* MeshModels.swift */ = {isa = PBXFileReference; includeInIndex = 1; lastKnownFileType = sourcecode.swift; path = MeshModels.swift; sourceTree = "<group>"; };
		59849B204B3BA2E1A6970E37 /* CommandCenterSmokeTests.swift */ = {isa = PBXFileReference; includeInIndex = 1; lastKnownFileType = sourcecode.swift; path = CommandCenterSmokeTests.swift; sourceTree = "<group>"; };
		59BBD524139041576F252DBC /* ProposalDetailView.swift */ = {isa = PBXFileReference; includeInIndex = 1; lastKnownFileType = sourcecode.swift; path = ProposalDetailView.swift; sourceTree = "<group>"; };
		5A1DA5FB633A9AC9B4DBE724 /* SSEParser.swift */ = {isa = PBXFileReference; includeInIndex = 1; lastKnownFileType = sourcecode.swift; path = SSEParser.swift; sourceTree = "<group>"; };
		5CBFD6CB5D0C7B8671DA75BE /* ROIChartView.swift */ = {isa = PBXFileReference; includeInIndex = 1; lastKnownFileType = sourcecode.swift; path = ROIChartView.swift; sourceTree = "<group>"; };
		5D773666CC2E39A1A3EE057B /* ModelCostBreakdown.swift */ = {isa = PBXFileReference; includeInIndex = 1; lastKnownFileType = sourcecode.swift; path = ModelCostBreakdown.swift; sourceTree = "<group>"; };
		5D9421A228DE045BF24DE107 /* TaskDetailView.swift */ = {isa = PBXFileReference; includeInIndex = 1; lastKnownFileType = sourcecode.swift; path = TaskDetailView.swift; sourceTree = "<group>"; };
		61C073A6C00D2480225D8E90 /* DaemonClient+Evolution.swift */ = {isa = PBXFileReference; includeInIndex = 1; lastKnownFileType = sourcecode.swift; path = "DaemonClient+Evolution.swift"; sourceTree = "<group>"; };
		64A55555A7B26A84A6F2DEEA /* Info.plist */ = {isa = PBXFileReference; includeInIndex = 1; lastKnownFileType = text.plist.xml; path = Info.plist; sourceTree = "<group>"; };
		68B06A7A25F4C9998DE6CAD5 /* CommandCenter.entitlements */ = {isa = PBXFileReference; includeInIndex = 1; lastKnownFileType = text.plist.entitlements; path = CommandCenter.entitlements; sourceTree = "<group>"; };
		6B4B4BF56A4842AFCBBF3C50 /* ThemeManagerTests.swift */ = {isa = PBXFileReference; includeInIndex = 1; lastKnownFileType = sourcecode.swift; path = ThemeManagerTests.swift; sourceTree = "<group>"; };
		6BD8EDB359D728A076AADE08 /* ThemeManager.swift */ = {isa = PBXFileReference; includeInIndex = 1; lastKnownFileType = sourcecode.swift; path = ThemeManager.swift; sourceTree = "<group>"; };
		7326FAACF1A1B6D2E4B3F260 /* RunHistoryView.swift */ = {isa = PBXFileReference; includeInIndex = 1; lastKnownFileType = sourcecode.swift; path = RunHistoryView.swift; sourceTree = "<group>"; };
		761719EEC4EFE037AF55FD06 /* DaemonClient.swift */ = {isa = PBXFileReference; includeInIndex = 1; lastKnownFileType = sourcecode.swift; path = DaemonClient.swift; sourceTree = "<group>"; };
		7747332CCDAA3140046CB353 /* OnboardingView.swift */ = {isa = PBXFileReference; includeInIndex = 1; lastKnownFileType = sourcecode.swift; path = OnboardingView.swift; sourceTree = "<group>"; };
		77822352955A9CCAA7AA70DF /* WebSocketManager.swift */ = {isa = PBXFileReference; includeInIndex = 1; lastKnownFileType = sourcecode.swift; path = WebSocketManager.swift; sourceTree = "<group>"; };
		78FA4A8E522359F369A8CB82 /* SidebarItem.swift */ = {isa = PBXFileReference; includeInIndex = 1; lastKnownFileType = sourcecode.swift; path = SidebarItem.swift; sourceTree = "<group>"; };
		7AF0E602DECF6AFDF41AAA8B /* EvolutionDashboardView.swift */ = {isa = PBXFileReference; includeInIndex = 1; lastKnownFileType = sourcecode.swift; path = EvolutionDashboardView.swift; sourceTree = "<group>"; };
		7D272949BC639B4370E51538 /* DaemonClient+Costs.swift */ = {isa = PBXFileReference; includeInIndex = 1; lastKnownFileType = sourcecode.swift; path = "DaemonClient+Costs.swift"; sourceTree = "<group>"; };
		7DFA385AD003B76F97CF4EA6 /* RunDetailView.swift */ = {isa = PBXFileReference; includeInIndex = 1; lastKnownFileType = sourcecode.swift; path = RunDetailView.swift; sourceTree = "<group>"; };
		891B93396C32D18A3C3A0D28 /* PlanDetailView.swift */ = {isa = PBXFileReference; includeInIndex = 1; lastKnownFileType = sourcecode.swift; path = PlanDetailView.swift; sourceTree = "<group>"; };
		8980B75D104FB6FD5796550D /* EvolutionModels.swift */ = {isa = PBXFileReference; includeInIndex = 1; lastKnownFileType = sourcecode.swift; path = EvolutionModels.swift; sourceTree = "<group>"; };
		8EEC1787457C7E0998A8FDAC /* SessionMonitor.swift */ = {isa = PBXFileReference; includeInIndex = 1; lastKnownFileType = sourcecode.swift; path = SessionMonitor.swift; sourceTree = "<group>"; };
		90D74170D09880F1CA1C4CD4 /* ComponentTests.swift */ = {isa = PBXFileReference; includeInIndex = 1; lastKnownFileType = sourcecode.swift; path = ComponentTests.swift; sourceTree = "<group>"; };
		916978EDD79DC5F80CA76245 /* APIModels.swift */ = {isa = PBXFileReference; includeInIndex = 1; lastKnownFileType = sourcecode.swift; path = APIModels.swift; sourceTree = "<group>"; };
		99075C8D7FCEF300CBF93EB0 /* ConvergioCard.swift */ = {isa = PBXFileReference; includeInIndex = 1; lastKnownFileType = sourcecode.swift; path = ConvergioCard.swift; sourceTree = "<group>"; };
		996C590B63CDAE2D8537BBED /* NotificationTypes.swift */ = {isa = PBXFileReference; includeInIndex = 1; lastKnownFileType = sourcecode.swift; path = NotificationTypes.swift; sourceTree = "<group>"; };
		9CF35409805B4B66E749DF62 /* CommandCenterApp.swift */ = {isa = PBXFileReference; includeInIndex = 1; lastKnownFileType = sourcecode.swift; path = CommandCenterApp.swift; sourceTree = "<group>"; };
		9DBF02391673D71F4A4DD4C3 /* Codecs.swift */ = {isa = PBXFileReference; includeInIndex = 1; lastKnownFileType = sourcecode.swift; path = Codecs.swift; sourceTree = "<group>"; };
		A2A11B2EA335A2A32593312B /* AccentButton.swift */ = {isa = PBXFileReference; includeInIndex = 1; lastKnownFileType = sourcecode.swift; path = AccentButton.swift; sourceTree = "<group>"; };
		ADC809F42616B21B7E659704 /* Assets.xcassets */ = {isa = PBXFileReference; includeInIndex = 1; lastKnownFileType = folder.assetcatalog; path = Assets.xcassets; sourceTree = "<group>"; };
		AFDE743C7C593E5AB16ADB41 /* CostDashboardModel.swift */ = {isa = PBXFileReference; includeInIndex = 1; lastKnownFileType = sourcecode.swift; path = CostDashboardModel.swift; sourceTree = "<group>"; };
		B04429465A157E4C624EDB62 /* Typography.swift */ = {isa = PBXFileReference; includeInIndex = 1; lastKnownFileType = sourcecode.swift; path = Typography.swift; sourceTree = "<group>"; };
		B227DDEB6D616668AD673DB7 /* BrainNodeGlyph.swift */ = {isa = PBXFileReference; includeInIndex = 1; lastKnownFileType = sourcecode.swift; path = BrainNodeGlyph.swift; sourceTree = "<group>"; };
		B63D5A46A67F045FE4B7AD96 /* MenuBarView.swift */ = {isa = PBXFileReference; includeInIndex = 1; lastKnownFileType = sourcecode.swift; path = MenuBarView.swift; sourceTree = "<group>"; };
		B8BBFE81BD3A1AB07D6BFD00 /* DaemonClient+Mesh.swift */ = {isa = PBXFileReference; includeInIndex = 1; lastKnownFileType = sourcecode.swift; path = "DaemonClient+Mesh.swift"; sourceTree = "<group>"; };
		BA6430DF4814BE61AC914C6D /* AgentCatalogView.swift */ = {isa = PBXFileReference; includeInIndex = 1; lastKnownFileType = sourcecode.swift; path = AgentCatalogView.swift; sourceTree = "<group>"; };
		C540C7167BC707753BD1FB9C /* BrainVisualizationModel.swift */ = {isa = PBXFileReference; includeInIndex = 1; lastKnownFileType = sourcecode.swift; path = BrainVisualizationModel.swift; sourceTree = "<group>"; };
		C5CCBA1E93D70D23CC95FF40 /* NotificationManager.swift */ = {isa = PBXFileReference; includeInIndex = 1; lastKnownFileType = sourcecode.swift; path = NotificationManager.swift; sourceTree = "<group>"; };
		C7CD95E30D6AA5D3A949FD65 /* BrainVisualizationView.swift */ = {isa = PBXFileReference; includeInIndex = 1; lastKnownFileType = sourcecode.swift; path = BrainVisualizationView.swift; sourceTree = "<group>"; };
		CD0ACC02C3130145BF59A4DF /* MeshTopologyGraph.swift */ = {isa = PBXFileReference; includeInIndex = 1; lastKnownFileType = sourcecode.swift; path = MeshTopologyGraph.swift; sourceTree = "<group>"; };
		CE2F0CCF48E02AFEB56F4831 /* DaemonClient+Plans.swift */ = {isa = PBXFileReference; includeInIndex = 1; lastKnownFileType = sourcecode.swift; path = "DaemonClient+Plans.swift"; sourceTree = "<group>"; };
		CEE2D2197D27F43C259F6B01 /* BrainShaderSource.swift */ = {isa = PBXFileReference; includeInIndex = 1; lastKnownFileType = sourcecode.swift; path = BrainShaderSource.swift; sourceTree = "<group>"; };
		D6D0F5D6EA52B001E7F5FB72 /* ExperimentView.swift */ = {isa = PBXFileReference; includeInIndex = 1; lastKnownFileType = sourcecode.swift; path = ExperimentView.swift; sourceTree = "<group>"; };
		DE8B7D35DAE999633690300C /* ContentView.swift */ = {isa = PBXFileReference; includeInIndex = 1; lastKnownFileType = sourcecode.swift; path = ContentView.swift; sourceTree = "<group>"; };
		DF881B65F074DEED89454DEE /* AgentCatalogModels.swift */ = {isa = PBXFileReference; includeInIndex = 1; lastKnownFileType = sourcecode.swift; path = AgentCatalogModels.swift; sourceTree = "<group>"; };
		DFE153806D373D1E85003398 /* PlanDashboard.swift */ = {isa = PBXFileReference; includeInIndex = 1; lastKnownFileType = sourcecode.swift; path = PlanDashboard.swift; sourceTree = "<group>"; };
		E3E6823A30DC441D038F3878 /* CommandCenter.app */ = {isa = PBXFileReference; explicitFileType = wrapper.application; includeInIndex = 0; path = CommandCenter.app; sourceTree = BUILT_PRODUCTS_DIR; };
		E4BFBAAA4854B953478FFA55 /* CostModels.swift */ = {isa = PBXFileReference; includeInIndex = 1; lastKnownFileType = sourcecode.swift; path = CostModels.swift; sourceTree = "<group>"; };
		E66FA979AB1AF5DF2516F090 /* AgentCatalogModel.swift */ = {isa = PBXFileReference; includeInIndex = 1; lastKnownFileType = sourcecode.swift; path = AgentCatalogModel.swift; sourceTree = "<group>"; };
		F2591A41125B0A4379F98966 /* MeshNodeHeader.swift */ = {isa = PBXFileReference; includeInIndex = 1; lastKnownFileType = sourcecode.swift; path = MeshNodeHeader.swift; sourceTree = "<group>"; };
		F94D9D756E7AF0DF924B8DF0 /* SectionPlaceholderView.swift */ = {isa = PBXFileReference; includeInIndex = 1; lastKnownFileType = sourcecode.swift; path = SectionPlaceholderView.swift; sourceTree = "<group>"; };
		FA5047DACCB5107E3EBEA4F6 /* GhosttyTerminalModel.swift */ = {isa = PBXFileReference; includeInIndex = 1; lastKnownFileType = sourcecode.swift; path = GhosttyTerminalModel.swift; sourceTree = "<group>"; };
/* End PBXFileReference section */

/* Begin PBXFrameworksBuildPhase section */
		05E7C56F98A16EE0655CE7F3 /* Frameworks */ = {
			isa = PBXFrameworksBuildPhase;
			buildActionMask = 2147483647;
			files = (
				D329C47C32D500C4F1A9ECB8 /* Cocoa.framework in Frameworks */,
			);
			runOnlyForDeploymentPostprocessing = 0;
		};
		B06709AF0A09BDF2E37EC968 /* Frameworks */ = {
			isa = PBXFrameworksBuildPhase;
			buildActionMask = 2147483647;
			files = (
				211254E23DFAF3AE99C9A304 /* Cocoa.framework in Frameworks */,
				DDEDD758A9501185059D3CEA /* XCTest.framework in Frameworks */,
			);
			runOnlyForDeploymentPostprocessing = 0;
		};
/* End PBXFrameworksBuildPhase section */

/* Begin PBXGroup section */
		0A9620261818CC90614C18D6 /* Frameworks */ = {
			isa = PBXGroup;
			children = (
				96B990AFCBEF620AEADEC7B6 /* OS X */,
			);
			name = Frameworks;
			sourceTree = "<group>";
		};
		0EACFA227C40D15D6B83B46E /* Agents */ = {
			isa = PBXGroup;
			children = (
				345735510F268A40FF948F7D /* AgentCardView.swift */,
				E66FA979AB1AF5DF2516F090 /* AgentCatalogModel.swift */,
				BA6430DF4814BE61AC914C6D /* AgentCatalogView.swift */,
				25B40C3EFD2D7EC15EEEFFC6 /* AgentDetailView.swift */,
				3D1B373CE0607006D7C008C3 /* AgentTriageView.swift */,
				8EEC1787457C7E0998A8FDAC /* SessionMonitor.swift */,
			);
			name = Agents;
			path = Agents;
			sourceTree = "<group>";
		};
		36A82E037454222D87897809 /* API */ = {
			isa = PBXGroup;
			children = (
				916978EDD79DC5F80CA76245 /* APIModels.swift */,
				DF881B65F074DEED89454DEE /* AgentCatalogModels.swift */,
				9DBF02391673D71F4A4DD4C3 /* Codecs.swift */,
				E4BFBAAA4854B953478FFA55 /* CostModels.swift */,
				3053F804CF73255BCF72A77C /* DaemonClient+Agents.swift */,
				7D272949BC639B4370E51538 /* DaemonClient+Costs.swift */,
				61C073A6C00D2480225D8E90 /* DaemonClient+Evolution.swift */,
				B8BBFE81BD3A1AB07D6BFD00 /* DaemonClient+Mesh.swift */,
				CE2F0CCF48E02AFEB56F4831 /* DaemonClient+Plans.swift */,
				761719EEC4EFE037AF55FD06 /* DaemonClient.swift */,
				8980B75D104FB6FD5796550D /* EvolutionModels.swift */,
				0C1A482C478FED749DE0615E /* JSONValue.swift */,
				202744391EC3DB94F38F0381 /* KeychainTokenStore.swift */,
				57FA3110CF2005DAB84C3248 /* MeshModels.swift */,
				36C2E3C418F97E00F20FA4FA /* PlanModels.swift */,
				5A1DA5FB633A9AC9B4DBE724 /* SSEParser.swift */,
				77822352955A9CCAA7AA70DF /* WebSocketManager.swift */,
			);
			name = API;
			path = API;
			sourceTree = "<group>";
		};
		44D0778FE187C17EF996862C /* Sources */ = {
			isa = PBXGroup;
			children = (
				36A82E037454222D87897809 /* API */,
				59C6C1C0C2DB44413719E060 /* App */,
				F4ECE454DADF1EE85A4955AA /* Notifications */,
				6282036D3F372DE57FDFABD1 /* Onboarding */,
				464B859B2D8DAB61E8AC26C1 /* Terminal */,
				97847DDE9774E79A3CBAAE57 /* Theme */,
				8853638FCCD2DAA848BEC10A /* Views */,
				ADC809F42616B21B7E659704 /* Assets.xcassets */,
			);
			name = Sources;
			path = Sources;
			sourceTree = "<group>";
		};
		462D175612E6D734D5E75C80 /* Plans */ = {
			isa = PBXGroup;
			children = (
				DFE153806D373D1E85003398 /* PlanDashboard.swift */,
				3F927B47099DA1B26D04E4E3 /* PlanDashboardModel.swift */,
				891B93396C32D18A3C3A0D28 /* PlanDetailView.swift */,
				5D9421A228DE045BF24DE107 /* TaskDetailView.swift */,
			);
			name = Plans;
			path = Plans;
			sourceTree = "<group>";
		};
		464B859B2D8DAB61E8AC26C1 /* Terminal */ = {
			isa = PBXGroup;
			children = (
				132E86416B3104AA027456F3 /* GhosttyTerminal.swift */,
				FA5047DACCB5107E3EBEA4F6 /* GhosttyTerminalModel.swift */,
				2E91BEA8DE2A6CF63DA1CD9B /* TerminalOutputView.swift */,
				327058058EC5B934FCAE28C3 /* TerminalSession.swift */,
				1ED54A628C8A710BDDCE9C8B /* TerminalTabPill.swift */,
				301D0FB716C1CAAE8DA23980 /* TmuxSessionPicker.swift */,
			);
			name = Terminal;
			path = Terminal;
			sourceTree = "<group>";
		};
		466CF5599B73BA5DE6D1E736 /* Brain */ = {
			isa = PBXGroup;
			children = (
				4610AB868AEB2B4E5B30E594 /* BrainGraphFactory.swift */,
				55B0552903FCF85357A36DA6 /* BrainGraphTypes.swift */,
				B227DDEB6D616668AD673DB7 /* BrainNodeGlyph.swift */,
				CEE2D2197D27F43C259F6B01 /* BrainShaderSource.swift */,
				C540C7167BC707753BD1FB9C /* BrainVisualizationModel.swift */,
				C7CD95E30D6AA5D3A949FD65 /* BrainVisualizationView.swift */,
				46B128B4AA3E440E504FADAC /* MetalBackdropView.swift */,
			);
			name = Brain;
			path = Brain;
			sourceTree = "<group>";
		};
		50BB7CC95D515534A8A9AFC6 /* Evolution */ = {
			isa = PBXGroup;
			children = (
				2F59B14150C03DDC967DEEAA /* AuditTrailView.swift */,
				5660FCB1CD2758EF006DF4F9 /* EvolutionDashboardModel.swift */,
				7AF0E602DECF6AFDF41AAA8B /* EvolutionDashboardView.swift */,
				D6D0F5D6EA52B001E7F5FB72 /* ExperimentView.swift */,
				59BBD524139041576F252DBC /* ProposalDetailView.swift */,
				5CBFD6CB5D0C7B8671DA75BE /* ROIChartView.swift */,
			);
			name = Evolution;
			path = Evolution;
			sourceTree = "<group>";
		};
		57B5C6CE6300E23F9A21AF8E /* Products */ = {
			isa = PBXGroup;
			children = (
				E3E6823A30DC441D038F3878 /* CommandCenter.app */,
				063D4F6BD8A798307CE25A39 /* CommandCenterTests.xctest */,
			);
			name = Products;
			sourceTree = "<group>";
		};
		596DCC173CD975B596073867 /* Tests */ = {
			isa = PBXGroup;
			children = (
				59849B204B3BA2E1A6970E37 /* CommandCenterSmokeTests.swift */,
				90D74170D09880F1CA1C4CD4 /* ComponentTests.swift */,
				4D94553DF2B83BE345D35248 /* T502MenuBarTests.swift */,
				6B4B4BF56A4842AFCBBF3C50 /* ThemeManagerTests.swift */,
				3758CB5D23A85303A79D74D4 /* ThemeTokenTests.swift */,
			);
			name = Tests;
			path = Tests;
			sourceTree = "<group>";
		};
		59C6C1C0C2DB44413719E060 /* App */ = {
			isa = PBXGroup;
			children = (
				9CF35409805B4B66E749DF62 /* CommandCenterApp.swift */,
				463ED795B13935E91953919F /* CommandCenterAppModel.swift */,
				DE8B7D35DAE999633690300C /* ContentView.swift */,
				B63D5A46A67F045FE4B7AD96 /* MenuBarView.swift */,
				F94D9D756E7AF0DF924B8DF0 /* SectionPlaceholderView.swift */,
				78FA4A8E522359F369A8CB82 /* SidebarItem.swift */,
			);
			name = App;
			path = App;
			sourceTree = "<group>";
		};
		5A1110EB98FC96F060FA1CB3 /* Mesh */ = {
			isa = PBXGroup;
			children = (
				2FC8F1E3C336DA263134C23D /* MeshNodeDetail.swift */,
				F2591A41125B0A4379F98966 /* MeshNodeHeader.swift */,
				CD0ACC02C3130145BF59A4DF /* MeshTopologyGraph.swift */,
				556371FE5FCBD3A2FC16976D /* MeshTopologyModel.swift */,
				27205854DB71C06D48EA5079 /* MeshTopologyView.swift */,
			);
			name = Mesh;
			path = Mesh;
			sourceTree = "<group>";
		};
		6282036D3F372DE57FDFABD1 /* Onboarding */ = {
			isa = PBXGroup;
			children = (
				38C38C85609C80D2C9283953 /* OnboardingComponents.swift */,
				48F74F8618F1840E177F67A3 /* OnboardingModel.swift */,
				7747332CCDAA3140046CB353 /* OnboardingView.swift */,
			);
			name = Onboarding;
			path = Onboarding;
			sourceTree = "<group>";
		};
		7351FAAF12C70B1A4BBBF2AF /* Config */ = {
			isa = PBXGroup;
			children = (
				64A55555A7B26A84A6F2DEEA /* Info.plist */,
				68B06A7A25F4C9998DE6CAD5 /* CommandCenter.entitlements */,
			);
			name = Config;
			path = Config;
			sourceTree = "<group>";
		};
		8853638FCCD2DAA848BEC10A /* Views */ = {
			isa = PBXGroup;
			children = (
				0EACFA227C40D15D6B83B46E /* Agents */,
				466CF5599B73BA5DE6D1E736 /* Brain */,
				BBA1F55621E4170DCFAA626F /* Costs */,
				50BB7CC95D515534A8A9AFC6 /* Evolution */,
				5A1110EB98FC96F060FA1CB3 /* Mesh */,
				462D175612E6D734D5E75C80 /* Plans */,
			);
			name = Views;
			path = Views;
			sourceTree = "<group>";
		};
		89163021EC49BF6ED41361F7 = {
			isa = PBXGroup;
			children = (
				57B5C6CE6300E23F9A21AF8E /* Products */,
				0A9620261818CC90614C18D6 /* Frameworks */,
				44D0778FE187C17EF996862C /* Sources */,
				596DCC173CD975B596073867 /* Tests */,
				7351FAAF12C70B1A4BBBF2AF /* Config */,
			);
			sourceTree = "<group>";
		};
		96B990AFCBEF620AEADEC7B6 /* OS X */ = {
			isa = PBXGroup;
			children = (
				400C2138D5C57FD3EE1B5214 /* Cocoa.framework */,
				301B76AC92DF8B8814798CF7 /* XCTest.framework */,
			);
			name = "OS X";
			sourceTree = "<group>";
		};
		97847DDE9774E79A3CBAAE57 /* Theme */ = {
			isa = PBXGroup;
			children = (
				E913867BC4F7B3FF8076D76F /* Components */,
				48B18B617A055571DB736816 /* ConvergioTokens+Roles.swift */,
				1A0040CC47BD97664D29A1BB /* ConvergioTokens.swift */,
				22BCAF9FD28482804353D7FE /* Theme.swift */,
				6BD8EDB359D728A076AADE08 /* ThemeManager.swift */,
				B04429465A157E4C624EDB62 /* Typography.swift */,
			);
			name = Theme;
			path = Theme;
			sourceTree = "<group>";
		};
		BBA1F55621E4170DCFAA626F /* Costs */ = {
			isa = PBXGroup;
			children = (
				AFDE743C7C593E5AB16ADB41 /* CostDashboardModel.swift */,
				1A614DF125BF896BF2659AF4 /* CostDashboardView.swift */,
				5D773666CC2E39A1A3EE057B /* ModelCostBreakdown.swift */,
				7DFA385AD003B76F97CF4EA6 /* RunDetailView.swift */,
				7326FAACF1A1B6D2E4B3F260 /* RunHistoryView.swift */,
			);
			name = Costs;
			path = Costs;
			sourceTree = "<group>";
		};
		E913867BC4F7B3FF8076D76F /* Components */ = {
			isa = PBXGroup;
			children = (
				A2A11B2EA335A2A32593312B /* AccentButton.swift */,
				99075C8D7FCEF300CBF93EB0 /* ConvergioCard.swift */,
				3C163CD7A75AFAFF5E1EB7FE /* PremiumModelBadge.swift */,
				33187216D0F62CE8C50FCA55 /* SectionHeader.swift */,
				05A9C458B304FBEC6F8777C2 /* StatusBadge.swift */,
			);
			name = Components;
			path = Components;
			sourceTree = "<group>";
		};
		F4ECE454DADF1EE85A4955AA /* Notifications */ = {
			isa = PBXGroup;
			children = (
				C5CCBA1E93D70D23CC95FF40 /* NotificationManager.swift */,
				3A3814E9E0FDB68BB1CB7331 /* NotificationPreferencesView.swift */,
				996C590B63CDAE2D8537BBED /* NotificationTypes.swift */,
			);
			name = Notifications;
			path = Notifications;
			sourceTree = "<group>";
		};
/* End PBXGroup section */

/* Begin PBXNativeTarget section */
		48490E0FE2A078691BECD7FC /* CommandCenterTests */ = {
			isa = PBXNativeTarget;
			buildConfigurationList = 44C8538144A2F2FEC509BC0B /* Build configuration list for PBXNativeTarget "CommandCenterTests" */;
			buildPhases = (
				2464572AB8E1A44FB485810A /* Sources */,
				B06709AF0A09BDF2E37EC968 /* Frameworks */,
				E5CA14CDC911F96D592EDC73 /* Resources */,
			);
			buildRules = (
			);
			dependencies = (
			);
			name = CommandCenterTests;
			productName = CommandCenterTests;
			productReference = 063D4F6BD8A798307CE25A39 /* CommandCenterTests.xctest */;
			productType = "com.apple.product-type.bundle.unit-test";
		};
		7AD369CADC51287096CE16C0 /* CommandCenter */ = {
			isa = PBXNativeTarget;
			buildConfigurationList = 5F43042ACE278D4859710E2D /* Build configuration list for PBXNativeTarget "CommandCenter" */;
			buildPhases = (
				781FD46D2B1B4A5A190AB958 /* Sources */,
				05E7C56F98A16EE0655CE7F3 /* Frameworks */,
				961CDD3BE2009E5B9F86B201 /* Resources */,
			);
			buildRules = (
			);
			dependencies = (
			);
			name = CommandCenter;
			productName = CommandCenter;
			productReference = E3E6823A30DC441D038F3878 /* CommandCenter.app */;
			productType = "com.apple.product-type.application";
		};
/* End PBXNativeTarget section */

/* Begin PBXProject section */
		3C61A4873225F78637C5B295 /* Project object */ = {
			isa = PBXProject;
			attributes = {
				LastSwiftUpdateCheck = 1600;
				LastUpgradeCheck = 1600;
			};
			buildConfigurationList = 453FF3F4BBE94CF66B6D5B6B /* Build configuration list for PBXProject "CommandCenter" */;
			compatibilityVersion = "Xcode 3.2";
			developmentRegion = en;
			hasScannedForEncodings = 0;
			knownRegions = (
				en,
				Base,
			);
			mainGroup = 89163021EC49BF6ED41361F7;
			minimizedProjectReferenceProxies = 0;
			preferredProjectObjectVersion = 77;
			productRefGroup = 57B5C6CE6300E23F9A21AF8E /* Products */;
			projectDirPath = "";
			projectRoot = "";
			targets = (
				7AD369CADC51287096CE16C0 /* CommandCenter */,
				48490E0FE2A078691BECD7FC /* CommandCenterTests */,
			);
		};
/* End PBXProject section */

/* Begin PBXResourcesBuildPhase section */
		961CDD3BE2009E5B9F86B201 /* Resources */ = {
			isa = PBXResourcesBuildPhase;
			buildActionMask = 2147483647;
			files = (
				F128B58682461F2CC99E0547 /* Assets.xcassets in Resources */,
			);
			runOnlyForDeploymentPostprocessing = 0;
		};
		E5CA14CDC911F96D592EDC73 /* Resources */ = {
			isa = PBXResourcesBuildPhase;
			buildActionMask = 2147483647;
			files = (
			);
			runOnlyForDeploymentPostprocessing = 0;
		};
/* End PBXResourcesBuildPhase section */

/* Begin PBXSourcesBuildPhase section */
		2464572AB8E1A44FB485810A /* Sources */ = {
			isa = PBXSourcesBuildPhase;
			buildActionMask = 2147483647;
			files = (
				CB6D237F7B1BA9CC6F57E07B /* CommandCenterSmokeTests.swift in Sources */,
				7508049114232E50C97A972C /* ComponentTests.swift in Sources */,
				2CC85103B8CD74CAEAF2F8D3 /* T502MenuBarTests.swift in Sources */,
				9871D35983B65B069717EF14 /* ThemeManagerTests.swift in Sources */,
				7DCC5297B09ADFA8816BFCA2 /* ThemeTokenTests.swift in Sources */,
			);
			runOnlyForDeploymentPostprocessing = 0;
		};
		781FD46D2B1B4A5A190AB958 /* Sources */ = {
			isa = PBXSourcesBuildPhase;
			buildActionMask = 2147483647;
			files = (
				8888D69A889C9DCD06A22DF0 /* APIModels.swift in Sources */,
				5A0D88516498121FCC9305D8 /* AgentCatalogModels.swift in Sources */,
				9BEAE9025EB59E6AFBE2847A /* Codecs.swift in Sources */,
				0DAE9197A0984996D663D575 /* CostModels.swift in Sources */,
				C3FAA649E9FC53CAEAF81646 /* DaemonClient+Agents.swift in Sources */,
				C848383D1D4E190574554934 /* DaemonClient+Costs.swift in Sources */,
				558EC1BB821E9C067D7149EC /* DaemonClient+Evolution.swift in Sources */,
				097E9611EBC7ED8F8F253EBE /* DaemonClient+Mesh.swift in Sources */,
				F80968AA75FE1F5C76F96D88 /* DaemonClient+Plans.swift in Sources */,
				28C37759157969295A11EA63 /* DaemonClient.swift in Sources */,
				B0DCDDA7290E0012B680723A /* EvolutionModels.swift in Sources */,
				22E317D87BA56D0BFAF2D091 /* JSONValue.swift in Sources */,
				4B6D07471ED0487739A48AE5 /* KeychainTokenStore.swift in Sources */,
				0F1C84DEB87C413B97124126 /* MeshModels.swift in Sources */,
				151B01056A84754596627498 /* PlanModels.swift in Sources */,
				CC5FED45AE857BA92F04D962 /* SSEParser.swift in Sources */,
				B987B95732FFBE5B31A0A980 /* WebSocketManager.swift in Sources */,
				F03D7DD84E0BFA84CD598053 /* CommandCenterApp.swift in Sources */,
				B3693289B4AD0E8F3CCD2A90 /* CommandCenterAppModel.swift in Sources */,
				B1E088CC899E72103D7890F2 /* ContentView.swift in Sources */,
				924AF5148DE4578154B522C5 /* MenuBarView.swift in Sources */,
				B0FEE6FBF6280B9DE8DB75FB /* SectionPlaceholderView.swift in Sources */,
				450FB640310858C514DF607F /* SidebarItem.swift in Sources */,
				225FB157DB4DD1BB999AE7A9 /* NotificationManager.swift in Sources */,
				80EFC0C47C1548ED9F69EDB3 /* NotificationPreferencesView.swift in Sources */,
				8471FED390E69190F618A50B /* NotificationTypes.swift in Sources */,
				C908A8138CBCBCF21755A350 /* OnboardingComponents.swift in Sources */,
				60A1BA25AFED3EFA64009080 /* OnboardingModel.swift in Sources */,
				90DA772F41967E98FF6C3988 /* OnboardingView.swift in Sources */,
				D16434C102B5EEDA95756723 /* GhosttyTerminal.swift in Sources */,
				FB043739B6AF783B37E47B61 /* GhosttyTerminalModel.swift in Sources */,
				C09B8A45A65C32384D8B9602 /* TerminalOutputView.swift in Sources */,
				419A800B97BB0B05C9ED9C92 /* TerminalSession.swift in Sources */,
				8494BF8DF0B25A380C124C73 /* TerminalTabPill.swift in Sources */,
				B30DF14B2FD9D4EF2BF8A8DD /* TmuxSessionPicker.swift in Sources */,
				CE08F5F179AC0D11539186BD /* AccentButton.swift in Sources */,
				766D0BA7514F34FDAE9536FA /* ConvergioCard.swift in Sources */,
				BD988F9BB8355FA3431C2F60 /* PremiumModelBadge.swift in Sources */,
				7DF1DFC4BA5A1BF904B8E1E0 /* SectionHeader.swift in Sources */,
				70A35BCD72B01C4D9140AC35 /* StatusBadge.swift in Sources */,
				B365054B097778931AFDE3E4 /* ConvergioTokens+Roles.swift in Sources */,
				6999A4FC774324D1CBAB5B50 /* ConvergioTokens.swift in Sources */,
				2BE4A236455D7397292D905F /* Theme.swift in Sources */,
				F48F641C62832B5456DED5C6 /* ThemeManager.swift in Sources */,
				163FBE7CDB7F6F9F5DD3AEB6 /* Typography.swift in Sources */,
				7AC8C0F1D71434786EA9940F /* AgentCardView.swift in Sources */,
				A9089644285A2FFCAC351AF5 /* AgentCatalogModel.swift in Sources */,
				F213221FF22FB6BFD4CE3B00 /* AgentCatalogView.swift in Sources */,
				91A88522E05381806B4E18FA /* AgentDetailView.swift in Sources */,
				D2EC903269391A008A4CF931 /* AgentTriageView.swift in Sources */,
				70F46CC6085A92E9589F5822 /* SessionMonitor.swift in Sources */,
				E0A5F52E576A7FD2B50B4984 /* BrainGraphFactory.swift in Sources */,
				0643FBF032C3AAC2B81E53A9 /* BrainGraphTypes.swift in Sources */,
				AFDA433FF393B6C50A7CC77F /* BrainNodeGlyph.swift in Sources */,
				E52C748907FF55BD51534474 /* BrainShaderSource.swift in Sources */,
				BEF67B6E10569544C4579DD7 /* BrainVisualizationModel.swift in Sources */,
				E5C2343E0DB5D3603F66B9E8 /* BrainVisualizationView.swift in Sources */,
				6BC0D4381CE55430E47A6D38 /* MetalBackdropView.swift in Sources */,
				3CE73516E0750C07585CBEC4 /* CostDashboardModel.swift in Sources */,
				E83897B7D331C9B9C64A3360 /* CostDashboardView.swift in Sources */,
				6565F976EF6DBF2E1716154F /* ModelCostBreakdown.swift in Sources */,
				7289E8D9F26C3FE9AE52C79B /* RunDetailView.swift in Sources */,
				01244006875368092E9BBECD /* RunHistoryView.swift in Sources */,
				9FCB1C0BBC3D3E1CF6621038 /* AuditTrailView.swift in Sources */,
				619447F8FC4A7065286DF392 /* EvolutionDashboardModel.swift in Sources */,
				9438CE74CE2FC11D20602AB5 /* EvolutionDashboardView.swift in Sources */,
				381FD20B16115BBBA54A0603 /* ExperimentView.swift in Sources */,
				FCFF77075123E96EEB7EA003 /* ProposalDetailView.swift in Sources */,
				C3F7A5DFAC531EDD37D6EBED /* ROIChartView.swift in Sources */,
				3BDD958C35028EF464D46704 /* MeshNodeDetail.swift in Sources */,
				7E2FA34E99DF9A0AAFE971E2 /* MeshNodeHeader.swift in Sources */,
				023AB3E97A0A895129B93810 /* MeshTopologyGraph.swift in Sources */,
				45DAB96919AA13437B763BEA /* MeshTopologyModel.swift in Sources */,
				4C8A772214F8A7FE4609606B /* MeshTopologyView.swift in Sources */,
				A45052B46A2AE537CCC8F3BA /* PlanDashboard.swift in Sources */,
				506A0A09F7063675F65B84F6 /* PlanDashboardModel.swift in Sources */,
				A1006D8E9D3C41317669EDB9 /* PlanDetailView.swift in Sources */,
				7BFA74B6464952A67250634C /* TaskDetailView.swift in Sources */,
			);
			runOnlyForDeploymentPostprocessing = 0;
		};
/* End PBXSourcesBuildPhase section */

/* Begin XCBuildConfiguration section */
		6C47451015A88768AFB6173B /* Debug */ = {
			isa = XCBuildConfiguration;
			buildSettings = {
				ASSETCATALOG_COMPILER_APPICON_NAME = AppIcon;
				ASSETCATALOG_COMPILER_GLOBAL_ACCENT_COLOR_NAME = AccentColor;
				CODE_SIGNING_ALLOWED = NO;
				CODE_SIGNING_REQUIRED = NO;
				CODE_SIGN_ENTITLEMENTS = Config/CommandCenter.entitlements;
				CODE_SIGN_STYLE = Automatic;
				COMBINE_HIDPI_IMAGES = YES;
				ENABLE_HARDENED_RUNTIME = YES;
				GENERATE_INFOPLIST_FILE = NO;
				INFOPLIST_FILE = Config/Info.plist;
				LD_RUNPATH_SEARCH_PATHS = "$(inherited) @executable_path/../Frameworks";
				MACOSX_DEPLOYMENT_TARGET = 26.0;
				PRODUCT_BUNDLE_IDENTIFIER = com.convergio.CommandCenter;
				PRODUCT_NAME = "$(TARGET_NAME)";
				SDKROOT = macosx;
				SUPPORTED_PLATFORMS = macosx;
				SWIFT_VERSION = 6.0;
			};
			name = Debug;
		};
		8190633309590C8304A63829 /* Release */ = {
			isa = XCBuildConfiguration;
			buildSettings = {
				ASSETCATALOG_COMPILER_APPICON_NAME = AppIcon;
				ASSETCATALOG_COMPILER_GLOBAL_ACCENT_COLOR_NAME = AccentColor;
				CODE_SIGNING_ALLOWED = NO;
				CODE_SIGNING_REQUIRED = NO;
				CODE_SIGN_ENTITLEMENTS = Config/CommandCenter.entitlements;
				CODE_SIGN_STYLE = Automatic;
				COMBINE_HIDPI_IMAGES = YES;
				ENABLE_HARDENED_RUNTIME = YES;
				GENERATE_INFOPLIST_FILE = NO;
				INFOPLIST_FILE = Config/Info.plist;
				LD_RUNPATH_SEARCH_PATHS = "$(inherited) @executable_path/../Frameworks";
				MACOSX_DEPLOYMENT_TARGET = 26.0;
				PRODUCT_BUNDLE_IDENTIFIER = com.convergio.CommandCenter;
				PRODUCT_NAME = "$(TARGET_NAME)";
				SDKROOT = macosx;
				SUPPORTED_PLATFORMS = macosx;
				SWIFT_VERSION = 6.0;
			};
			name = Release;
		};
		8650E915D4062FECE1AE536A /* Debug */ = {
			isa = XCBuildConfiguration;
			buildSettings = {
				CODE_SIGNING_ALLOWED = NO;
				CODE_SIGNING_REQUIRED = NO;
				CODE_SIGN_STYLE = Automatic;
				GENERATE_INFOPLIST_FILE = YES;
				MACOSX_DEPLOYMENT_TARGET = 26.0;
				PRODUCT_BUNDLE_IDENTIFIER = com.convergio.CommandCenterTests;
				PRODUCT_NAME = "$(TARGET_NAME)";
				SDKROOT = macosx;
				SUPPORTED_PLATFORMS = macosx;
				SWIFT_VERSION = 6.0;
			};
			name = Debug;
		};
		86A6C832FDFF1F4A0B598DFF /* Release */ = {
			isa = XCBuildConfiguration;
			buildSettings = {
				ALWAYS_SEARCH_USER_PATHS = NO;
				CLANG_ANALYZER_NONNULL = YES;
				CLANG_ANALYZER_NUMBER_OBJECT_CONVERSION = YES_AGGRESSIVE;
				CLANG_CXX_LANGUAGE_STANDARD = "gnu++14";
				CLANG_CXX_LIBRARY = "libc++";
				CLANG_ENABLE_MODULES = YES;
				CLANG_ENABLE_OBJC_ARC = YES;
				CLANG_ENABLE_OBJC_WEAK = YES;
				CLANG_WARN_BLOCK_CAPTURE_AUTORELEASING = YES;
				CLANG_WARN_BOOL_CONVERSION = YES;
				CLANG_WARN_COMMA = YES;
				CLANG_WARN_CONSTANT_CONVERSION = YES;
				CLANG_WARN_DEPRECATED_OBJC_IMPLEMENTATIONS = YES;
				CLANG_WARN_DIRECT_OBJC_ISA_USAGE = YES_ERROR;
				CLANG_WARN_DOCUMENTATION_COMMENTS = YES;
				CLANG_WARN_EMPTY_BODY = YES;
				CLANG_WARN_ENUM_CONVERSION = YES;
				CLANG_WARN_INFINITE_RECURSION = YES;
				CLANG_WARN_INT_CONVERSION = YES;
				CLANG_WARN_NON_LITERAL_NULL_CONVERSION = YES;
				CLANG_WARN_OBJC_IMPLICIT_RETAIN_SELF = YES;
				CLANG_WARN_OBJC_LITERAL_CONVERSION = YES;
				CLANG_WARN_OBJC_ROOT_CLASS = YES_ERROR;
				CLANG_WARN_QUOTED_INCLUDE_IN_FRAMEWORK_HEADER = YES;
				CLANG_WARN_RANGE_LOOP_ANALYSIS = YES;
				CLANG_WARN_STRICT_PROTOTYPES = YES;
				CLANG_WARN_SUSPICIOUS_MOVE = YES;
				CLANG_WARN_UNGUARDED_AVAILABILITY = YES_AGGRESSIVE;
				CLANG_WARN_UNREACHABLE_CODE = YES;
				CLANG_WARN__DUPLICATE_METHOD_MATCH = YES;
				COPY_PHASE_STRIP = NO;
				DEBUG_INFORMATION_FORMAT = "dwarf-with-dsym";
				ENABLE_NS_ASSERTIONS = NO;
				ENABLE_STRICT_OBJC_MSGSEND = YES;
				GCC_C_LANGUAGE_STANDARD = gnu11;
				GCC_NO_COMMON_BLOCKS = YES;
				GCC_WARN_64_TO_32_BIT_CONVERSION = YES;
				GCC_WARN_ABOUT_RETURN_TYPE = YES_ERROR;
				GCC_WARN_UNDECLARED_SELECTOR = YES;
				GCC_WARN_UNINITIALIZED_AUTOS = YES_AGGRESSIVE;
				GCC_WARN_UNUSED_FUNCTION = YES;
				GCC_WARN_UNUSED_VARIABLE = YES;
				MACOSX_DEPLOYMENT_TARGET = 26.0;
				MTL_ENABLE_DEBUG_INFO = NO;
				MTL_FAST_MATH = YES;
				PRODUCT_NAME = "$(TARGET_NAME)";
				SWIFT_COMPILATION_MODE = wholemodule;
				SWIFT_OPTIMIZATION_LEVEL = "-O";
				SWIFT_VERSION = 6.0;
			};
			name = Release;
		};
		96A133B1055550E61D65F689 /* Debug */ = {
			isa = XCBuildConfiguration;
			buildSettings = {
				ALWAYS_SEARCH_USER_PATHS = NO;
				CLANG_ANALYZER_NONNULL = YES;
				CLANG_ANALYZER_NUMBER_OBJECT_CONVERSION = YES_AGGRESSIVE;
				CLANG_CXX_LANGUAGE_STANDARD = "gnu++14";
				CLANG_CXX_LIBRARY = "libc++";
				CLANG_ENABLE_MODULES = YES;
				CLANG_ENABLE_OBJC_ARC = YES;
				CLANG_ENABLE_OBJC_WEAK = YES;
				CLANG_WARN_BLOCK_CAPTURE_AUTORELEASING = YES;
				CLANG_WARN_BOOL_CONVERSION = YES;
				CLANG_WARN_COMMA = YES;
				CLANG_WARN_CONSTANT_CONVERSION = YES;
				CLANG_WARN_DEPRECATED_OBJC_IMPLEMENTATIONS = YES;
				CLANG_WARN_DIRECT_OBJC_ISA_USAGE = YES_ERROR;
				CLANG_WARN_DOCUMENTATION_COMMENTS = YES;
				CLANG_WARN_EMPTY_BODY = YES;
				CLANG_WARN_ENUM_CONVERSION = YES;
				CLANG_WARN_INFINITE_RECURSION = YES;
				CLANG_WARN_INT_CONVERSION = YES;
				CLANG_WARN_NON_LITERAL_NULL_CONVERSION = YES;
				CLANG_WARN_OBJC_IMPLICIT_RETAIN_SELF = YES;
				CLANG_WARN_OBJC_LITERAL_CONVERSION = YES;
				CLANG_WARN_OBJC_ROOT_CLASS = YES_ERROR;
				CLANG_WARN_QUOTED_INCLUDE_IN_FRAMEWORK_HEADER = YES;
				CLANG_WARN_RANGE_LOOP_ANALYSIS = YES;
				CLANG_WARN_STRICT_PROTOTYPES = YES;
				CLANG_WARN_SUSPICIOUS_MOVE = YES;
				CLANG_WARN_UNGUARDED_AVAILABILITY = YES_AGGRESSIVE;
				CLANG_WARN_UNREACHABLE_CODE = YES;
				CLANG_WARN__DUPLICATE_METHOD_MATCH = YES;
				COPY_PHASE_STRIP = NO;
				DEBUG_INFORMATION_FORMAT = dwarf;
				ENABLE_STRICT_OBJC_MSGSEND = YES;
				ENABLE_TESTABILITY = YES;
				GCC_C_LANGUAGE_STANDARD = gnu11;
				GCC_DYNAMIC_NO_PIC = NO;
				GCC_NO_COMMON_BLOCKS = YES;
				GCC_OPTIMIZATION_LEVEL = 0;
				GCC_PREPROCESSOR_DEFINITIONS = (
					"DEBUG=1",
					"$(inherited)",
				);
				GCC_WARN_64_TO_32_BIT_CONVERSION = YES;
				GCC_WARN_ABOUT_RETURN_TYPE = YES_ERROR;
				GCC_WARN_UNDECLARED_SELECTOR = YES;
				GCC_WARN_UNINITIALIZED_AUTOS = YES_AGGRESSIVE;
				GCC_WARN_UNUSED_FUNCTION = YES;
				GCC_WARN_UNUSED_VARIABLE = YES;
				MACOSX_DEPLOYMENT_TARGET = 26.0;
				MTL_ENABLE_DEBUG_INFO = INCLUDE_SOURCE;
				MTL_FAST_MATH = YES;
				ONLY_ACTIVE_ARCH = YES;
				PRODUCT_NAME = "$(TARGET_NAME)";
				SWIFT_ACTIVE_COMPILATION_CONDITIONS = DEBUG;
				SWIFT_OPTIMIZATION_LEVEL = "-Onone";
				SWIFT_VERSION = 6.0;
			};
			name = Debug;
		};
		BA63F5A2DEB4CAC44A068D59 /* Release */ = {
			isa = XCBuildConfiguration;
			buildSettings = {
				CODE_SIGNING_ALLOWED = NO;
				CODE_SIGNING_REQUIRED = NO;
				CODE_SIGN_STYLE = Automatic;
				GENERATE_INFOPLIST_FILE = YES;
				MACOSX_DEPLOYMENT_TARGET = 26.0;
				PRODUCT_BUNDLE_IDENTIFIER = com.convergio.CommandCenterTests;
				PRODUCT_NAME = "$(TARGET_NAME)";
				SDKROOT = macosx;
				SUPPORTED_PLATFORMS = macosx;
				SWIFT_VERSION = 6.0;
			};
			name = Release;
		};
/* End XCBuildConfiguration section */

/* Begin XCConfigurationList section */
		44C8538144A2F2FEC509BC0B /* Build configuration list for PBXNativeTarget "CommandCenterTests" */ = {
			isa = XCConfigurationList;
			buildConfigurations = (
				BA63F5A2DEB4CAC44A068D59 /* Release */,
				8650E915D4062FECE1AE536A /* Debug */,
			);
			defaultConfigurationIsVisible = 0;
			defaultConfigurationName = Release;
		};
		453FF3F4BBE94CF66B6D5B6B /* Build configuration list for PBXProject "CommandCenter" */ = {
			isa = XCConfigurationList;
			buildConfigurations = (
				96A133B1055550E61D65F689 /* Debug */,
				86A6C832FDFF1F4A0B598DFF /* Release */,
			);
			defaultConfigurationIsVisible = 0;
			defaultConfigurationName = Release;
		};
		5F43042ACE278D4859710E2D /* Build configuration list for PBXNativeTarget "CommandCenter" */ = {
			isa = XCConfigurationList;
			buildConfigurations = (
				8190633309590C8304A63829 /* Release */,
				6C47451015A88768AFB6173B /* Debug */,
			);
			defaultConfigurationIsVisible = 0;
			defaultConfigurationName = Release;
		};
/* End XCConfigurationList section */
	};
	rootObject = 3C61A4873225F78637C5B295 /* Project object */;
}
